// !$*UTF8*$!
{
	archiveVersion = 1;
	classes = {
	};
	objectVersion = 56;
	objects = {

/* Begin PBXBuildFile section */
		4643943829A2715300C35040 /* LifeMessengerWeConnectApp.swift in Sources */ = {isa = PBXBuildFile; fileRef = 4643943729A2715300C35040 /* LifeMessengerWeConnectApp.swift */; };
		4643943A29A2715300C35040 /* ContentView.swift in Sources */ = {isa = PBXBuildFile; fileRef = 4643943929A2715300C35040 /* ContentView.swift */; };
		4643943C29A2715300C35040 /* Assets.xcassets in Resources */ = {isa = PBXBuildFile; fileRef = 4643943B29A2715300C35040 /* Assets.xcassets */; };
		4643943F29A2715300C35040 /* Preview Assets.xcassets in Resources */ = {isa = PBXBuildFile; fileRef = 4643943E29A2715300C35040 /* Preview Assets.xcassets */; };
		4643944929A2715300C35040 /* LifeMessengerWeConnectTests.swift in Sources */ = {isa = PBXBuildFile; fileRef = 4643944829A2715300C35040 /* LifeMessengerWeConnectTests.swift */; };
		4643945329A2715300C35040 /* LifeMessengerWeConnectUITests.swift in Sources */ = {isa = PBXBuildFile; fileRef = 4643945229A2715300C35040 /* LifeMessengerWeConnectUITests.swift */; };
		4643945529A2715300C35040 /* LifeMessengerWeConnectUITestsLaunchTests.swift in Sources */ = {isa = PBXBuildFile; fileRef = 4643945429A2715300C35040 /* LifeMessengerWeConnectUITestsLaunchTests.swift */; };
		4643946229A273C200C35040 /* ChatList.swift in Sources */ = {isa = PBXBuildFile; fileRef = 4643946129A273C200C35040 /* ChatList.swift */; };
		4643946529A27D3400C35040 /* ChatModel.swift in Sources */ = {isa = PBXBuildFile; fileRef = 4643946429A27D3400C35040 /* ChatModel.swift */; };
		4643946729A28A7500C35040 /* DateView.swift in Sources */ = {isa = PBXBuildFile; fileRef = 4643946629A28A7500C35040 /* DateView.swift */; };
		4643946A29A38EE000C35040 /* TabView.swift in Sources */ = {isa = PBXBuildFile; fileRef = 4643946929A38EE000C35040 /* TabView.swift */; };
		4643946E29A3924A00C35040 /* SplashScreenView.swift in Sources */ = {isa = PBXBuildFile; fileRef = 4643946D29A3924A00C35040 /* SplashScreenView.swift */; };
		4643947329A395EE00C35040 /* ChatViewModel.swift in Sources */ = {isa = PBXBuildFile; fileRef = 4643947229A395EE00C35040 /* ChatViewModel.swift */; };
		4643947529A39BFD00C35040 /* ChatView.swift in Sources */ = {isa = PBXBuildFile; fileRef = 4643947429A39BFD00C35040 /* ChatView.swift */; };
		4643947B29A62AD600C35040 /* OrganizerView.swift in Sources */ = {isa = PBXBuildFile; fileRef = 4643947A29A62AD600C35040 /* OrganizerView.swift */; };
		4643948729A655C400C35040 /* ChatOverView.swift in Sources */ = {isa = PBXBuildFile; fileRef = 4643948629A655C400C35040 /* ChatOverView.swift */; };
/* End PBXBuildFile section */

/* Begin PBXContainerItemProxy section */
		4643944529A2715300C35040 /* PBXContainerItemProxy */ = {
			isa = PBXContainerItemProxy;
			containerPortal = 4643942C29A2715300C35040 /* Project object */;
			proxyType = 1;
			remoteGlobalIDString = 4643943329A2715300C35040;
			remoteInfo = LifeMessengerWeConnect;
		};
		4643944F29A2715300C35040 /* PBXContainerItemProxy */ = {
			isa = PBXContainerItemProxy;
			containerPortal = 4643942C29A2715300C35040 /* Project object */;
			proxyType = 1;
			remoteGlobalIDString = 4643943329A2715300C35040;
			remoteInfo = LifeMessengerWeConnect;
		};
/* End PBXContainerItemProxy section */

/* Begin PBXFileReference section */
		4643943429A2715300C35040 /* LifeMessengerWeConnect.app */ = {isa = PBXFileReference; explicitFileType = wrapper.application; includeInIndex = 0; path = LifeMessengerWeConnect.app; sourceTree = BUILT_PRODUCTS_DIR; };
		4643943729A2715300C35040 /* LifeMessengerWeConnectApp.swift */ = {isa = PBXFileReference; lastKnownFileType = sourcecode.swift; path = LifeMessengerWeConnectApp.swift; sourceTree = "<group>"; };
		4643943929A2715300C35040 /* ContentView.swift */ = {isa = PBXFileReference; lastKnownFileType = sourcecode.swift; path = ContentView.swift; sourceTree = "<group>"; };
		4643943B29A2715300C35040 /* Assets.xcassets */ = {isa = PBXFileReference; lastKnownFileType = folder.assetcatalog; path = Assets.xcassets; sourceTree = "<group>"; };
		4643943E29A2715300C35040 /* Preview Assets.xcassets */ = {isa = PBXFileReference; lastKnownFileType = folder.assetcatalog; path = "Preview Assets.xcassets"; sourceTree = "<group>"; };
		4643944429A2715300C35040 /* LifeMessengerWeConnectTests.xctest */ = {isa = PBXFileReference; explicitFileType = wrapper.cfbundle; includeInIndex = 0; path = LifeMessengerWeConnectTests.xctest; sourceTree = BUILT_PRODUCTS_DIR; };
		4643944829A2715300C35040 /* LifeMessengerWeConnectTests.swift */ = {isa = PBXFileReference; lastKnownFileType = sourcecode.swift; path = LifeMessengerWeConnectTests.swift; sourceTree = "<group>"; };
		4643944E29A2715300C35040 /* LifeMessengerWeConnectUITests.xctest */ = {isa = PBXFileReference; explicitFileType = wrapper.cfbundle; includeInIndex = 0; path = LifeMessengerWeConnectUITests.xctest; sourceTree = BUILT_PRODUCTS_DIR; };
		4643945229A2715300C35040 /* LifeMessengerWeConnectUITests.swift */ = {isa = PBXFileReference; lastKnownFileType = sourcecode.swift; path = LifeMessengerWeConnectUITests.swift; sourceTree = "<group>"; };
		4643945429A2715300C35040 /* LifeMessengerWeConnectUITestsLaunchTests.swift */ = {isa = PBXFileReference; lastKnownFileType = sourcecode.swift; path = LifeMessengerWeConnectUITestsLaunchTests.swift; sourceTree = "<group>"; };
		4643946129A273C200C35040 /* ChatList.swift */ = {isa = PBXFileReference; lastKnownFileType = sourcecode.swift; path = ChatList.swift; sourceTree = "<group>"; };
		4643946429A27D3400C35040 /* ChatModel.swift */ = {isa = PBXFileReference; lastKnownFileType = sourcecode.swift; path = ChatModel.swift; sourceTree = "<group>"; };
		4643946629A28A7500C35040 /* DateView.swift */ = {isa = PBXFileReference; lastKnownFileType = sourcecode.swift; path = DateView.swift; sourceTree = "<group>"; };
		4643946929A38EE000C35040 /* TabView.swift */ = {isa = PBXFileReference; lastKnownFileType = sourcecode.swift; path = TabView.swift; sourceTree = "<group>"; };
		4643946D29A3924A00C35040 /* SplashScreenView.swift */ = {isa = PBXFileReference; lastKnownFileType = sourcecode.swift; path = SplashScreenView.swift; sourceTree = "<group>"; };
		4643947229A395EE00C35040 /* ChatViewModel.swift */ = {isa = PBXFileReference; lastKnownFileType = sourcecode.swift; path = ChatViewModel.swift; sourceTree = "<group>"; };
		4643947429A39BFD00C35040 /* ChatView.swift */ = {isa = PBXFileReference; lastKnownFileType = sourcecode.swift; path = ChatView.swift; sourceTree = "<group>"; };
		4643947A29A62AD600C35040 /* OrganizerView.swift */ = {isa = PBXFileReference; lastKnownFileType = sourcecode.swift; path = OrganizerView.swift; sourceTree = "<group>"; };
		4643948629A655C400C35040 /* ChatOverView.swift */ = {isa = PBXFileReference; lastKnownFileType = sourcecode.swift; path = ChatOverView.swift; sourceTree = "<group>"; };
/* End PBXFileReference section */

/* Begin PBXFrameworksBuildPhase section */
		4643943129A2715300C35040 /* Frameworks */ = {
			isa = PBXFrameworksBuildPhase;
			buildActionMask = 2147483647;
			files = (
			);
			runOnlyForDeploymentPostprocessing = 0;
		};
		4643944129A2715300C35040 /* Frameworks */ = {
			isa = PBXFrameworksBuildPhase;
			buildActionMask = 2147483647;
			files = (
			);
			runOnlyForDeploymentPostprocessing = 0;
		};
		4643944B29A2715300C35040 /* Frameworks */ = {
			isa = PBXFrameworksBuildPhase;
			buildActionMask = 2147483647;
			files = (
			);
			runOnlyForDeploymentPostprocessing = 0;
		};
/* End PBXFrameworksBuildPhase section */

/* Begin PBXGroup section */
		4643942B29A2715300C35040 = {
			isa = PBXGroup;
			children = (
				4643943629A2715300C35040 /* LifeMessengerWeConnect */,
				4643944729A2715300C35040 /* LifeMessengerWeConnectTests */,
				4643945129A2715300C35040 /* LifeMessengerWeConnectUITests */,
				4643943529A2715300C35040 /* Products */,
			);
			sourceTree = "<group>";
		};
		4643943529A2715300C35040 /* Products */ = {
			isa = PBXGroup;
			children = (
				4643943429A2715300C35040 /* LifeMessengerWeConnect.app */,
				4643944429A2715300C35040 /* LifeMessengerWeConnectTests.xctest */,
				4643944E29A2715300C35040 /* LifeMessengerWeConnectUITests.xctest */,
			);
			name = Products;
			sourceTree = "<group>";
		};
		4643943629A2715300C35040 /* LifeMessengerWeConnect */ = {
			isa = PBXGroup;
			children = (
				4643947729A62A9B00C35040 /* Organizer */,
				4643947629A62A8100C35040 /* ChatList */,
				4643946F29A394B400C35040 /* ViewModel */,
				4643946829A38EA900C35040 /* View */,
				4643946329A27D2300C35040 /* Model */,
				4643943929A2715300C35040 /* ContentView.swift */,
				4643943729A2715300C35040 /* LifeMessengerWeConnectApp.swift */,
				4643943B29A2715300C35040 /* Assets.xcassets */,
				4643943D29A2715300C35040 /* Preview Content */,
				4643946D29A3924A00C35040 /* SplashScreenView.swift */,
			);
			path = LifeMessengerWeConnect;
			sourceTree = "<group>";
		};
		4643943D29A2715300C35040 /* Preview Content */ = {
			isa = PBXGroup;
			children = (
				4643943E29A2715300C35040 /* Preview Assets.xcassets */,
			);
			path = "Preview Content";
			sourceTree = "<group>";
		};
		4643944729A2715300C35040 /* LifeMessengerWeConnectTests */ = {
			isa = PBXGroup;
			children = (
				4643944829A2715300C35040 /* LifeMessengerWeConnectTests.swift */,
			);
			path = LifeMessengerWeConnectTests;
			sourceTree = "<group>";
		};
		4643945129A2715300C35040 /* LifeMessengerWeConnectUITests */ = {
			isa = PBXGroup;
			children = (
				4643945229A2715300C35040 /* LifeMessengerWeConnectUITests.swift */,
				4643945429A2715300C35040 /* LifeMessengerWeConnectUITestsLaunchTests.swift */,
			);
			path = LifeMessengerWeConnectUITests;
			sourceTree = "<group>";
		};
		4643946329A27D2300C35040 /* Model */ = {
			isa = PBXGroup;
			children = (
				4643946429A27D3400C35040 /* ChatModel.swift */,
			);
			path = Model;
			sourceTree = "<group>";
		};
		4643946829A38EA900C35040 /* View */ = {
			isa = PBXGroup;
			children = (
				4643946129A273C200C35040 /* ChatList.swift */,
				4643946629A28A7500C35040 /* DateView.swift */,
				4643946929A38EE000C35040 /* TabView.swift */,
				4643947429A39BFD00C35040 /* ChatView.swift */,
			);
			path = View;
			sourceTree = "<group>";
		};
		4643946F29A394B400C35040 /* ViewModel */ = {
			isa = PBXGroup;
			children = (
				4643947229A395EE00C35040 /* ChatViewModel.swift */,
			);
			path = ViewModel;
			sourceTree = "<group>";
		};
		4643947629A62A8100C35040 /* ChatList */ = {
			isa = PBXGroup;
			children = (
				4643948629A655C400C35040 /* ChatOverView.swift */,
			);
			path = ChatList;
			sourceTree = "<group>";
		};
		4643947729A62A9B00C35040 /* Organizer */ = {
			isa = PBXGroup;
			children = (
				4643947A29A62AD600C35040 /* OrganizerView.swift */,
			);
			path = Organizer;
			sourceTree = "<group>";
		};
/* End PBXGroup section */

/* Begin PBXNativeTarget section */
		4643943329A2715300C35040 /* LifeMessengerWeConnect */ = {
			isa = PBXNativeTarget;
			buildConfigurationList = 4643945829A2715300C35040 /* Build configuration list for PBXNativeTarget "LifeMessengerWeConnect" */;
			buildPhases = (
				4643943029A2715300C35040 /* Sources */,
				4643943129A2715300C35040 /* Frameworks */,
				4643943229A2715300C35040 /* Resources */,
			);
			buildRules = (
			);
			dependencies = (
			);
			name = LifeMessengerWeConnect;
			productName = LifeMessengerWeConnect;
			productReference = 4643943429A2715300C35040 /* LifeMessengerWeConnect.app */;
			productType = "com.apple.product-type.application";
		};
		4643944329A2715300C35040 /* LifeMessengerWeConnectTests */ = {
			isa = PBXNativeTarget;
			buildConfigurationList = 4643945B29A2715300C35040 /* Build configuration list for PBXNativeTarget "LifeMessengerWeConnectTests" */;
			buildPhases = (
				4643944029A2715300C35040 /* Sources */,
				4643944129A2715300C35040 /* Frameworks */,
				4643944229A2715300C35040 /* Resources */,
			);
			buildRules = (
			);
			dependencies = (
				4643944629A2715300C35040 /* PBXTargetDependency */,
			);
			name = LifeMessengerWeConnectTests;
			productName = LifeMessengerWeConnectTests;
			productReference = 4643944429A2715300C35040 /* LifeMessengerWeConnectTests.xctest */;
			productType = "com.apple.product-type.bundle.unit-test";
		};
		4643944D29A2715300C35040 /* LifeMessengerWeConnectUITests */ = {
			isa = PBXNativeTarget;
			buildConfigurationList = 4643945E29A2715300C35040 /* Build configuration list for PBXNativeTarget "LifeMessengerWeConnectUITests" */;
			buildPhases = (
				4643944A29A2715300C35040 /* Sources */,
				4643944B29A2715300C35040 /* Frameworks */,
				4643944C29A2715300C35040 /* Resources */,
			);
			buildRules = (
			);
			dependencies = (
				4643945029A2715300C35040 /* PBXTargetDependency */,
			);
			name = LifeMessengerWeConnectUITests;
			productName = LifeMessengerWeConnectUITests;
			productReference = 4643944E29A2715300C35040 /* LifeMessengerWeConnectUITests.xctest */;
			productType = "com.apple.product-type.bundle.ui-testing";
		};
/* End PBXNativeTarget section */

/* Begin PBXProject section */
		4643942C29A2715300C35040 /* Project object */ = {
			isa = PBXProject;
			attributes = {
				BuildIndependentTargetsInParallel = 1;
				LastSwiftUpdateCheck = 1420;
				LastUpgradeCheck = 1420;
				TargetAttributes = {
					4643943329A2715300C35040 = {
						CreatedOnToolsVersion = 14.2;
					};
					4643944329A2715300C35040 = {
						CreatedOnToolsVersion = 14.2;
						TestTargetID = 4643943329A2715300C35040;
					};
					4643944D29A2715300C35040 = {
						CreatedOnToolsVersion = 14.2;
						TestTargetID = 4643943329A2715300C35040;
					};
				};
			};
			buildConfigurationList = 4643942F29A2715300C35040 /* Build configuration list for PBXProject "LifeMessengerWeConnect" */;
			compatibilityVersion = "Xcode 14.0";
			developmentRegion = en;
			hasScannedForEncodings = 0;
			knownRegions = (
				en,
				Base,
			);
			mainGroup = 4643942B29A2715300C35040;
			productRefGroup = 4643943529A2715300C35040 /* Products */;
			projectDirPath = "";
			projectRoot = "";
			targets = (
				4643943329A2715300C35040 /* LifeMessengerWeConnect */,
				4643944329A2715300C35040 /* LifeMessengerWeConnectTests */,
				4643944D29A2715300C35040 /* LifeMessengerWeConnectUITests */,
			);
		};
/* End PBXProject section */

/* Begin PBXResourcesBuildPhase section */
		4643943229A2715300C35040 /* Resources */ = {
			isa = PBXResourcesBuildPhase;
			buildActionMask = 2147483647;
			files = (
				4643943F29A2715300C35040 /* Preview Assets.xcassets in Resources */,
				4643943C29A2715300C35040 /* Assets.xcassets in Resources */,
			);
			runOnlyForDeploymentPostprocessing = 0;
		};
		4643944229A2715300C35040 /* Resources */ = {
			isa = PBXResourcesBuildPhase;
			buildActionMask = 2147483647;
			files = (
			);
			runOnlyForDeploymentPostprocessing = 0;
		};
		4643944C29A2715300C35040 /* Resources */ = {
			isa = PBXResourcesBuildPhase;
			buildActionMask = 2147483647;
			files = (
			);
			runOnlyForDeploymentPostprocessing = 0;
		};
/* End PBXResourcesBuildPhase section */

/* Begin PBXSourcesBuildPhase section */
		4643943029A2715300C35040 /* Sources */ = {
			isa = PBXSourcesBuildPhase;
			buildActionMask = 2147483647;
			files = (
				4643947B29A62AD600C35040 /* OrganizerView.swift in Sources */,
				4643946E29A3924A00C35040 /* SplashScreenView.swift in Sources */,
				4643948729A655C400C35040 /* ChatOverView.swift in Sources */,
				4643946729A28A7500C35040 /* DateView.swift in Sources */,
				4643947329A395EE00C35040 /* ChatViewModel.swift in Sources */,
				4643943A29A2715300C35040 /* ContentView.swift in Sources */,
				4643947529A39BFD00C35040 /* ChatView.swift in Sources */,
				4643946229A273C200C35040 /* ChatList.swift in Sources */,
				4643943829A2715300C35040 /* LifeMessengerWeConnectApp.swift in Sources */,
				4643946A29A38EE000C35040 /* TabView.swift in Sources */,
				4643946529A27D3400C35040 /* ChatModel.swift in Sources */,
			);
			runOnlyForDeploymentPostprocessing = 0;
		};
		4643944029A2715300C35040 /* Sources */ = {
			isa = PBXSourcesBuildPhase;
			buildActionMask = 2147483647;
			files = (
				4643944929A2715300C35040 /* LifeMessengerWeConnectTests.swift in Sources */,
			);
			runOnlyForDeploymentPostprocessing = 0;
		};
		4643944A29A2715300C35040 /* Sources */ = {
			isa = PBXSourcesBuildPhase;
			buildActionMask = 2147483647;
			files = (
				4643945329A2715300C35040 /* LifeMessengerWeConnectUITests.swift in Sources */,
				4643945529A2715300C35040 /* LifeMessengerWeConnectUITestsLaunchTests.swift in Sources */,
			);
			runOnlyForDeploymentPostprocessing = 0;
		};
/* End PBXSourcesBuildPhase section */

/* Begin PBXTargetDependency section */
		4643944629A2715300C35040 /* PBXTargetDependency */ = {
			isa = PBXTargetDependency;
			target = 4643943329A2715300C35040 /* LifeMessengerWeConnect */;
			targetProxy = 4643944529A2715300C35040 /* PBXContainerItemProxy */;
		};
		4643945029A2715300C35040 /* PBXTargetDependency */ = {
			isa = PBXTargetDependency;
			target = 4643943329A2715300C35040 /* LifeMessengerWeConnect */;
			targetProxy = 4643944F29A2715300C35040 /* PBXContainerItemProxy */;
		};
/* End PBXTargetDependency section */

/* Begin XCBuildConfiguration section */
		4643945629A2715300C35040 /* Debug */ = {
			isa = XCBuildConfiguration;
			buildSettings = {
				ALWAYS_SEARCH_USER_PATHS = NO;
				CLANG_ANALYZER_NONNULL = YES;
				CLANG_ANALYZER_NUMBER_OBJECT_CONVERSION = YES_AGGRESSIVE;
				CLANG_CXX_LANGUAGE_STANDARD = "gnu++20";
				CLANG_ENABLE_MODULES = YES;
				CLANG_ENABLE_OBJC_ARC = YES;
				CLANG_ENABLE_OBJC_WEAK = YES;
				CLANG_WARN_BLOCK_CAPTURE_AUTORELEASING = YES;
				CLANG_WARN_BOOL_CONVERSION = YES;
				CLANG_WARN_COMMA = YES;
				CLANG_WARN_CONSTANT_CONVERSION = YES;
				CLANG_WARN_DEPRECATED_OBJC_IMPLEMENTATIONS = YES;
				CLANG_WARN_DIRECT_OBJC_ISA_USAGE = YES_ERROR;
				CLANG_WARN_DOCUMENTATION_COMMENTS = YES;
				CLANG_WARN_EMPTY_BODY = YES;
				CLANG_WARN_ENUM_CONVERSION = YES;
				CLANG_WARN_INFINITE_RECURSION = YES;
				CLANG_WARN_INT_CONVERSION = YES;
				CLANG_WARN_NON_LITERAL_NULL_CONVERSION = YES;
				CLANG_WARN_OBJC_IMPLICIT_RETAIN_SELF = YES;
				CLANG_WARN_OBJC_LITERAL_CONVERSION = YES;
				CLANG_WARN_OBJC_ROOT_CLASS = YES_ERROR;
				CLANG_WARN_QUOTED_INCLUDE_IN_FRAMEWORK_HEADER = YES;
				CLANG_WARN_RANGE_LOOP_ANALYSIS = YES;
				CLANG_WARN_STRICT_PROTOTYPES = YES;
				CLANG_WARN_SUSPICIOUS_MOVE = YES;
				CLANG_WARN_UNGUARDED_AVAILABILITY = YES_AGGRESSIVE;
				CLANG_WARN_UNREACHABLE_CODE = YES;
				CLANG_WARN__DUPLICATE_METHOD_MATCH = YES;
				COPY_PHASE_STRIP = NO;
				DEBUG_INFORMATION_FORMAT = dwarf;
				ENABLE_STRICT_OBJC_MSGSEND = YES;
				ENABLE_TESTABILITY = YES;
				GCC_C_LANGUAGE_STANDARD = gnu11;
				GCC_DYNAMIC_NO_PIC = NO;
				GCC_NO_COMMON_BLOCKS = YES;
				GCC_OPTIMIZATION_LEVEL = 0;
				GCC_PREPROCESSOR_DEFINITIONS = (
					"DEBUG=1",
					"$(inherited)",
				);
				GCC_WARN_64_TO_32_BIT_CONVERSION = YES;
				GCC_WARN_ABOUT_RETURN_TYPE = YES_ERROR;
				GCC_WARN_UNDECLARED_SELECTOR = YES;
				GCC_WARN_UNINITIALIZED_AUTOS = YES_AGGRESSIVE;
				GCC_WARN_UNUSED_FUNCTION = YES;
				GCC_WARN_UNUSED_VARIABLE = YES;
				IPHONEOS_DEPLOYMENT_TARGET = 16.2;
				MTL_ENABLE_DEBUG_INFO = INCLUDE_SOURCE;
				MTL_FAST_MATH = YES;
				ONLY_ACTIVE_ARCH = YES;
				SDKROOT = iphoneos;
				SWIFT_ACTIVE_COMPILATION_CONDITIONS = DEBUG;
				SWIFT_OPTIMIZATION_LEVEL = "-Onone";
			};
			name = Debug;
		};
		4643945729A2715300C35040 /* Release */ = {
			isa = XCBuildConfiguration;
			buildSettings = {
				ALWAYS_SEARCH_USER_PATHS = NO;
				CLANG_ANALYZER_NONNULL = YES;
				CLANG_ANALYZER_NUMBER_OBJECT_CONVERSION = YES_AGGRESSIVE;
				CLANG_CXX_LANGUAGE_STANDARD = "gnu++20";
				CLANG_ENABLE_MODULES = YES;
				CLANG_ENABLE_OBJC_ARC = YES;
				CLANG_ENABLE_OBJC_WEAK = YES;
				CLANG_WARN_BLOCK_CAPTURE_AUTORELEASING = YES;
				CLANG_WARN_BOOL_CONVERSION = YES;
				CLANG_WARN_COMMA = YES;
				CLANG_WARN_CONSTANT_CONVERSION = YES;
				CLANG_WARN_DEPRECATED_OBJC_IMPLEMENTATIONS = YES;
				CLANG_WARN_DIRECT_OBJC_ISA_USAGE = YES_ERROR;
				CLANG_WARN_DOCUMENTATION_COMMENTS = YES;
				CLANG_WARN_EMPTY_BODY = YES;
				CLANG_WARN_ENUM_CONVERSION = YES;
				CLANG_WARN_INFINITE_RECURSION = YES;
				CLANG_WARN_INT_CONVERSION = YES;
				CLANG_WARN_NON_LITERAL_NULL_CONVERSION = YES;
				CLANG_WARN_OBJC_IMPLICIT_RETAIN_SELF = YES;
				CLANG_WARN_OBJC_LITERAL_CONVERSION = YES;
				CLANG_WARN_OBJC_ROOT_CLASS = YES_ERROR;
				CLANG_WARN_QUOTED_INCLUDE_IN_FRAMEWORK_HEADER = YES;
				CLANG_WARN_RANGE_LOOP_ANALYSIS = YES;
				CLANG_WARN_STRICT_PROTOTYPES = YES;
				CLANG_WARN_SUSPICIOUS_MOVE = YES;
				CLANG_WARN_UNGUARDED_AVAILABILITY = YES_AGGRESSIVE;
				CLANG_WARN_UNREACHABLE_CODE = YES;
				CLANG_WARN__DUPLICATE_METHOD_MATCH = YES;
				COPY_PHASE_STRIP = NO;
				DEBUG_INFORMATION_FORMAT = "dwarf-with-dsym";
				ENABLE_NS_ASSERTIONS = NO;
				ENABLE_STRICT_OBJC_MSGSEND = YES;
				GCC_C_LANGUAGE_STANDARD = gnu11;
				GCC_NO_COMMON_BLOCKS = YES;
				GCC_WARN_64_TO_32_BIT_CONVERSION = YES;
				GCC_WARN_ABOUT_RETURN_TYPE = YES_ERROR;
				GCC_WARN_UNDECLARED_SELECTOR = YES;
				GCC_WARN_UNINITIALIZED_AUTOS = YES_AGGRESSIVE;
				GCC_WARN_UNUSED_FUNCTION = YES;
				GCC_WARN_UNUSED_VARIABLE = YES;
				IPHONEOS_DEPLOYMENT_TARGET = 16.2;
				MTL_ENABLE_DEBUG_INFO = NO;
				MTL_FAST_MATH = YES;
				SDKROOT = iphoneos;
				SWIFT_COMPILATION_MODE = wholemodule;
				SWIFT_OPTIMIZATION_LEVEL = "-O";
				VALIDATE_PRODUCT = YES;
			};
			name = Release;
		};
		4643945929A2715300C35040 /* Debug */ = {
			isa = XCBuildConfiguration;
			buildSettings = {
				ASSETCATALOG_COMPILER_APPICON_NAME = AppIcon;
				ASSETCATALOG_COMPILER_GLOBAL_ACCENT_COLOR_NAME = AccentColor;
				CODE_SIGN_STYLE = Automatic;
				CURRENT_PROJECT_VERSION = 1;
				DEVELOPMENT_ASSET_PATHS = "\"LifeMessengerWeConnect/Preview Content\"";
				ENABLE_PREVIEWS = YES;
				GENERATE_INFOPLIST_FILE = YES;
				INFOPLIST_KEY_UIApplicationSceneManifest_Generation = YES;
				INFOPLIST_KEY_UIApplicationSupportsIndirectInputEvents = YES;
				INFOPLIST_KEY_UILaunchScreen_Generation = YES;
				INFOPLIST_KEY_UISupportedInterfaceOrientations_iPad = "UIInterfaceOrientationPortrait UIInterfaceOrientationPortraitUpsideDown UIInterfaceOrientationLandscapeLeft UIInterfaceOrientationLandscapeRight";
				INFOPLIST_KEY_UISupportedInterfaceOrientations_iPhone = "UIInterfaceOrientationPortrait UIInterfaceOrientationLandscapeLeft UIInterfaceOrientationLandscapeRight";
				LD_RUNPATH_SEARCH_PATHS = (
					"$(inherited)",
					"@executable_path/Frameworks",
				);
				MARKETING_VERSION = 1.0;
				PRODUCT_BUNDLE_IDENTIFIER = "de.syntax-institut.LifeMessengerWeConnect";
				PRODUCT_NAME = "$(TARGET_NAME)";
				SWIFT_EMIT_LOC_STRINGS = YES;
				SWIFT_VERSION = 5.0;
				TARGETED_DEVICE_FAMILY = "1,2";
			};
			name = Debug;
		};
		4643945A29A2715300C35040 /* Release */ = {
			isa = XCBuildConfiguration;
			buildSettings = {
				ASSETCATALOG_COMPILER_APPICON_NAME = AppIcon;
				ASSETCATALOG_COMPILER_GLOBAL_ACCENT_COLOR_NAME = AccentColor;
				CODE_SIGN_STYLE = Automatic;
				CURRENT_PROJECT_VERSION = 1;
				DEVELOPMENT_ASSET_PATHS = "\"LifeMessengerWeConnect/Preview Content\"";
				ENABLE_PREVIEWS = YES;
				GENERATE_INFOPLIST_FILE = YES;
				INFOPLIST_KEY_UIApplicationSceneManifest_Generation = YES;
				INFOPLIST_KEY_UIApplicationSupportsIndirectInputEvents = YES;
				INFOPLIST_KEY_UILaunchScreen_Generation = YES;
				INFOPLIST_KEY_UISupportedInterfaceOrientations_iPad = "UIInterfaceOrientationPortrait UIInterfaceOrientationPortraitUpsideDown UIInterfaceOrientationLandscapeLeft UIInterfaceOrientationLandscapeRight";
				INFOPLIST_KEY_UISupportedInterfaceOrientations_iPhone = "UIInterfaceOrientationPortrait UIInterfaceOrientationLandscapeLeft UIInterfaceOrientationLandscapeRight";
				LD_RUNPATH_SEARCH_PATHS = (
					"$(inherited)",
					"@executable_path/Frameworks",
				);
				MARKETING_VERSION = 1.0;
				PRODUCT_BUNDLE_IDENTIFIER = "de.syntax-institut.LifeMessengerWeConnect";
				PRODUCT_NAME = "$(TARGET_NAME)";
				SWIFT_EMIT_LOC_STRINGS = YES;
				SWIFT_VERSION = 5.0;
				TARGETED_DEVICE_FAMILY = "1,2";
			};
			name = Release;
		};
		4643945C29A2715300C35040 /* Debug */ = {
			isa = XCBuildConfiguration;
			buildSettings = {
				ALWAYS_EMBED_SWIFT_STANDARD_LIBRARIES = YES;
				BUNDLE_LOADER = "$(TEST_HOST)";
				CODE_SIGN_STYLE = Automatic;
				CURRENT_PROJECT_VERSION = 1;
				GENERATE_INFOPLIST_FILE = YES;
				IPHONEOS_DEPLOYMENT_TARGET = 16.2;
				MARKETING_VERSION = 1.0;
				PRODUCT_BUNDLE_IDENTIFIER = "de.syntax-institut.LifeMessengerWeConnectTests";
				PRODUCT_NAME = "$(TARGET_NAME)";
				SWIFT_EMIT_LOC_STRINGS = NO;
				SWIFT_VERSION = 5.0;
				TARGETED_DEVICE_FAMILY = "1,2";
				TEST_HOST = "$(BUILT_PRODUCTS_DIR)/LifeMessengerWeConnect.app/$(BUNDLE_EXECUTABLE_FOLDER_PATH)/LifeMessengerWeConnect";
			};
			name = Debug;
		};
		4643945D29A2715300C35040 /* Release */ = {
			isa = XCBuildConfiguration;
			buildSettings = {
				ALWAYS_EMBED_SWIFT_STANDARD_LIBRARIES = YES;
				BUNDLE_LOADER = "$(TEST_HOST)";
				CODE_SIGN_STYLE = Automatic;
				CURRENT_PROJECT_VERSION = 1;
				GENERATE_INFOPLIST_FILE = YES;
				IPHONEOS_DEPLOYMENT_TARGET = 16.2;
				MARKETING_VERSION = 1.0;
				PRODUCT_BUNDLE_IDENTIFIER = "de.syntax-institut.LifeMessengerWeConnectTests";
				PRODUCT_NAME = "$(TARGET_NAME)";
				SWIFT_EMIT_LOC_STRINGS = NO;
				SWIFT_VERSION = 5.0;
				TARGETED_DEVICE_FAMILY = "1,2";
				TEST_HOST = "$(BUILT_PRODUCTS_DIR)/LifeMessengerWeConnect.app/$(BUNDLE_EXECUTABLE_FOLDER_PATH)/LifeMessengerWeConnect";
			};
			name = Release;
		};
		4643945F29A2715300C35040 /* Debug */ = {
			isa = XCBuildConfiguration;
			buildSettings = {
				ALWAYS_EMBED_SWIFT_STANDARD_LIBRARIES = YES;
				CODE_SIGN_STYLE = Automatic;
				CURRENT_PROJECT_VERSION = 1;
				GENERATE_INFOPLIST_FILE = YES;
				MARKETING_VERSION = 1.0;
				PRODUCT_BUNDLE_IDENTIFIER = "de.syntax-institut.LifeMessengerWeConnectUITests";
				PRODUCT_NAME = "$(TARGET_NAME)";
				SWIFT_EMIT_LOC_STRINGS = NO;
				SWIFT_VERSION = 5.0;
				TARGETED_DEVICE_FAMILY = "1,2";
				TEST_TARGET_NAME = LifeMessengerWeConnect;
			};
			name = Debug;
		};
		4643946029A2715300C35040 /* Release */ = {
			isa = XCBuildConfiguration;
			buildSettings = {
				ALWAYS_EMBED_SWIFT_STANDARD_LIBRARIES = YES;
				CODE_SIGN_STYLE = Automatic;
				CURRENT_PROJECT_VERSION = 1;
				GENERATE_INFOPLIST_FILE = YES;
				MARKETING_VERSION = 1.0;
				PRODUCT_BUNDLE_IDENTIFIER = "de.syntax-institut.LifeMessengerWeConnectUITests";
				PRODUCT_NAME = "$(TARGET_NAME)";
				SWIFT_EMIT_LOC_STRINGS = NO;
				SWIFT_VERSION = 5.0;
				TARGETED_DEVICE_FAMILY = "1,2";
				TEST_TARGET_NAME = LifeMessengerWeConnect;
			};
			name = Release;
		};
/* End XCBuildConfiguration section */

/* Begin XCConfigurationList section */
		4643942F29A2715300C35040 /* Build configuration list for PBXProject "LifeMessengerWeConnect" */ = {
			isa = XCConfigurationList;
			buildConfigurations = (
				4643945629A2715300C35040 /* Debug */,
				4643945729A2715300C35040 /* Release */,
			);
			defaultConfigurationIsVisible = 0;
			defaultConfigurationName = Release;
		};
		4643945829A2715300C35040 /* Build configuration list for PBXNativeTarget "LifeMessengerWeConnect" */ = {
			isa = XCConfigurationList;
			buildConfigurations = (
				4643945929A2715300C35040 /* Debug */,
				4643945A29A2715300C35040 /* Release */,
			);
			defaultConfigurationIsVisible = 0;
			defaultConfigurationName = Release;
		};
		4643945B29A2715300C35040 /* Build configuration list for PBXNativeTarget "LifeMessengerWeConnectTests" */ = {
			isa = XCConfigurationList;
			buildConfigurations = (
				4643945C29A2715300C35040 /* Debug */,
				4643945D29A2715300C35040 /* Release */,
			);
			defaultConfigurationIsVisible = 0;
			defaultConfigurationName = Release;
		};
		4643945E29A2715300C35040 /* Build configuration list for PBXNativeTarget "LifeMessengerWeConnectUITests" */ = {
			isa = XCConfigurationList;
			buildConfigurations = (
				4643945F29A2715300C35040 /* Debug */,
				4643946029A2715300C35040 /* Release */,
			);
			defaultConfigurationIsVisible = 0;
			defaultConfigurationName = Release;
		};
/* End XCConfigurationList section */
	};
	rootObject = 4643942C29A2715300C35040 /* Project object */;
}
