// !$*UTF8*$!
{
	archiveVersion = 1;
	classes = {
	};
	objectVersion = 56;
	objects = {

/* Begin PBXBuildFile section */
		460AEF3F29AFC49A00305824 /* GoogleService-Info.plist in Resources */ = {isa = PBXBuildFile; fileRef = 460AEF3E29AFC49A00305824 /* GoogleService-Info.plist */; };
		460AEF4229AFC4DD00305824 /* FirebaseFirestore in Frameworks */ = {isa = PBXBuildFile; productRef = 460AEF4129AFC4DD00305824 /* FirebaseFirestore */; };
		460AEF4429AFC4DD00305824 /* FirebaseFirestoreSwift in Frameworks */ = {isa = PBXBuildFile; productRef = 460AEF4329AFC4DD00305824 /* FirebaseFirestoreSwift */; };
		460AEF4729B0CD4900305824 /* SideMenuViewModel.swift in Sources */ = {isa = PBXBuildFile; fileRef = 460AEF4629B0CD4900305824 /* SideMenuViewModel.swift */; };
		460AEF4929B0CFD500305824 /* SideMenuRowView.swift in Sources */ = {isa = PBXBuildFile; fileRef = 460AEF4829B0CFD500305824 /* SideMenuRowView.swift */; };
		460AEF4B29B0CFF100305824 /* SideMenuView.swift in Sources */ = {isa = PBXBuildFile; fileRef = 460AEF4A29B0CFF100305824 /* SideMenuView.swift */; };
		460AEF5029B0DE9600305824 /* MainTabView.swift in Sources */ = {isa = PBXBuildFile; fileRef = 460AEF4F29B0DE9600305824 /* MainTabView.swift */; };
		460AEF5329B0E0E900305824 /* EventView.swift in Sources */ = {isa = PBXBuildFile; fileRef = 460AEF5229B0E0E900305824 /* EventView.swift */; };
		460AEF5629B0E13C00305824 /* PictureAndVideoGalerieView.swift in Sources */ = {isa = PBXBuildFile; fileRef = 460AEF5529B0E13C00305824 /* PictureAndVideoGalerieView.swift */; };
		4625E87029B215A200253BEA /* TweetFilterViewModel.swift in Sources */ = {isa = PBXBuildFile; fileRef = 4625E86F29B215A200253BEA /* TweetFilterViewModel.swift */; };
		4625E87229B21EDA00253BEA /* ChatView.swift in Sources */ = {isa = PBXBuildFile; fileRef = 4625E87129B21EDA00253BEA /* ChatView.swift */; };
		4643943C29A2715300C35040 /* Assets.xcassets in Resources */ = {isa = PBXBuildFile; fileRef = 4643943B29A2715300C35040 /* Assets.xcassets */; };
		4643943F29A2715300C35040 /* Preview Assets.xcassets in Resources */ = {isa = PBXBuildFile; fileRef = 4643943E29A2715300C35040 /* Preview Assets.xcassets */; };
		4643944929A2715300C35040 /* LifeMessengerWeConnectTests.swift in Sources */ = {isa = PBXBuildFile; fileRef = 4643944829A2715300C35040 /* LifeMessengerWeConnectTests.swift */; };
		4643945329A2715300C35040 /* LifeMessengerWeConnectUITests.swift in Sources */ = {isa = PBXBuildFile; fileRef = 4643945229A2715300C35040 /* LifeMessengerWeConnectUITests.swift */; };
		4643945529A2715300C35040 /* LifeMessengerWeConnectUITestsLaunchTests.swift in Sources */ = {isa = PBXBuildFile; fileRef = 4643945429A2715300C35040 /* LifeMessengerWeConnectUITestsLaunchTests.swift */; };
		4643946E29A3924A00C35040 /* SplashScreenView.swift in Sources */ = {isa = PBXBuildFile; fileRef = 4643946D29A3924A00C35040 /* SplashScreenView.swift */; };
		4643947B29A62AD600C35040 /* OrganizerView.swift in Sources */ = {isa = PBXBuildFile; fileRef = 4643947A29A62AD600C35040 /* OrganizerView.swift */; };
		467987DD29B23C16002CFC5A /* SideMenuOption.swift in Sources */ = {isa = PBXBuildFile; fileRef = 467987DC29B23C16002CFC5A /* SideMenuOption.swift */; };
		467987E129C0684B002CFC5A /* OrganizerManagementCoreData.xcdatamodeld in Sources */ = {isa = PBXBuildFile; fileRef = 467987DF29C0684B002CFC5A /* OrganizerManagementCoreData.xcdatamodeld */; };
		467987E529C06B39002CFC5A /* MainView.swift in Sources */ = {isa = PBXBuildFile; fileRef = 467987E429C06B39002CFC5A /* MainView.swift */; };
		467987E729C06DA2002CFC5A /* OrganizeViewModel.swift in Sources */ = {isa = PBXBuildFile; fileRef = 467987E629C06DA2002CFC5A /* OrganizeViewModel.swift */; };
		467987FD29C08AB4002CFC5A /* NotoSans-LightItalic.ttf in Resources */ = {isa = PBXBuildFile; fileRef = 467987EA29C08AB3002CFC5A /* NotoSans-LightItalic.ttf */; };
		467987FE29C08AB4002CFC5A /* NotoSans-ExtraLightItalic.ttf in Resources */ = {isa = PBXBuildFile; fileRef = 467987EB29C08AB3002CFC5A /* NotoSans-ExtraLightItalic.ttf */; };
		467987FF29C08AB4002CFC5A /* NotoSans-ExtraBold.ttf in Resources */ = {isa = PBXBuildFile; fileRef = 467987EC29C08AB3002CFC5A /* NotoSans-ExtraBold.ttf */; };
		4679880029C08AB4002CFC5A /* NotoSans-ExtraBoldItalic.ttf in Resources */ = {isa = PBXBuildFile; fileRef = 467987ED29C08AB3002CFC5A /* NotoSans-ExtraBoldItalic.ttf */; };
		4679880129C08AB4002CFC5A /* NotoSans-ThinItalic.ttf in Resources */ = {isa = PBXBuildFile; fileRef = 467987EE29C08AB3002CFC5A /* NotoSans-ThinItalic.ttf */; };
		4679880229C08AB4002CFC5A /* NotoSans-ExtraLight.ttf in Resources */ = {isa = PBXBuildFile; fileRef = 467987EF29C08AB3002CFC5A /* NotoSans-ExtraLight.ttf */; };
		4679880329C08AB4002CFC5A /* NotoSans-BoldItalic.ttf in Resources */ = {isa = PBXBuildFile; fileRef = 467987F029C08AB3002CFC5A /* NotoSans-BoldItalic.ttf */; };
		4679880429C08AB4002CFC5A /* NotoSans-Medium.ttf in Resources */ = {isa = PBXBuildFile; fileRef = 467987F129C08AB3002CFC5A /* NotoSans-Medium.ttf */; };
		4679880529C08AB4002CFC5A /* OFL.txt in Resources */ = {isa = PBXBuildFile; fileRef = 467987F229C08AB3002CFC5A /* OFL.txt */; };
		4679880629C08AB4002CFC5A /* NotoSans-SemiBoldItalic.ttf in Resources */ = {isa = PBXBuildFile; fileRef = 467987F329C08AB4002CFC5A /* NotoSans-SemiBoldItalic.ttf */; };
		4679880729C08AB4002CFC5A /* NotoSans-Light.ttf in Resources */ = {isa = PBXBuildFile; fileRef = 467987F429C08AB4002CFC5A /* NotoSans-Light.ttf */; };
		4679880829C08AB4002CFC5A /* NotoSans-BlackItalic.ttf in Resources */ = {isa = PBXBuildFile; fileRef = 467987F529C08AB4002CFC5A /* NotoSans-BlackItalic.ttf */; };
		4679880929C08AB4002CFC5A /* NotoSans-Bold.ttf in Resources */ = {isa = PBXBuildFile; fileRef = 467987F629C08AB4002CFC5A /* NotoSans-Bold.ttf */; };
		4679880A29C08AB4002CFC5A /* NotoSans-Black.ttf in Resources */ = {isa = PBXBuildFile; fileRef = 467987F729C08AB4002CFC5A /* NotoSans-Black.ttf */; };
		4679880B29C08AB4002CFC5A /* NotoSans-Italic.ttf in Resources */ = {isa = PBXBuildFile; fileRef = 467987F829C08AB4002CFC5A /* NotoSans-Italic.ttf */; };
		4679880C29C08AB4002CFC5A /* NotoSans-MediumItalic.ttf in Resources */ = {isa = PBXBuildFile; fileRef = 467987F929C08AB4002CFC5A /* NotoSans-MediumItalic.ttf */; };
		4679880D29C08AB4002CFC5A /* NotoSans-SemiBold.ttf in Resources */ = {isa = PBXBuildFile; fileRef = 467987FA29C08AB4002CFC5A /* NotoSans-SemiBold.ttf */; };
		4679880E29C08AB4002CFC5A /* NotoSans-Thin.ttf in Resources */ = {isa = PBXBuildFile; fileRef = 467987FB29C08AB4002CFC5A /* NotoSans-Thin.ttf */; };
		4679880F29C08AB4002CFC5A /* NotoSans-Regular.ttf in Resources */ = {isa = PBXBuildFile; fileRef = 467987FC29C08AB4002CFC5A /* NotoSans-Regular.ttf */; };
		4679881229C08D21002CFC5A /* NotoSans.swift in Sources */ = {isa = PBXBuildFile; fileRef = 4679881129C08D21002CFC5A /* NotoSans.swift */; };
		46CAE26429B225BA0034D1A0 /* TitleRow.swift in Sources */ = {isa = PBXBuildFile; fileRef = 46CAE26329B225BA0034D1A0 /* TitleRow.swift */; };
		46CAE26629B2270B0034D1A0 /* StatusView.swift in Sources */ = {isa = PBXBuildFile; fileRef = 46CAE26529B2270B0034D1A0 /* StatusView.swift */; };
		46CAE26829B229290034D1A0 /* StatusTextView.swift in Sources */ = {isa = PBXBuildFile; fileRef = 46CAE26729B229290034D1A0 /* StatusTextView.swift */; };
		46DA53F929C1EE6200180763 /* DateModel.swift in Sources */ = {isa = PBXBuildFile; fileRef = 46DA53F829C1EE6200180763 /* DateModel.swift */; };
		46DA547929C479D700180763 /* TaskModel.swift in Sources */ = {isa = PBXBuildFile; fileRef = 46DA547829C479D700180763 /* TaskModel.swift */; };
		46DA547B29C479E100180763 /* TaskCategory.swift in Sources */ = {isa = PBXBuildFile; fileRef = 46DA547A29C479E100180763 /* TaskCategory.swift */; };
		46EACBF729ACD09300B1F4AC /* ContentView.swift in Sources */ = {isa = PBXBuildFile; fileRef = 4643943929A2715300C35040 /* ContentView.swift */; };
		46EACBF829ACD0C500B1F4AC /* LifeMessengerWeConnectApp.swift in Sources */ = {isa = PBXBuildFile; fileRef = 4643943729A2715300C35040 /* LifeMessengerWeConnectApp.swift */; };
		46EACBFC29ACD11100B1F4AC /* Message.swift in Sources */ = {isa = PBXBuildFile; fileRef = 46EACBFB29ACD11100B1F4AC /* Message.swift */; };
		46EACBFE29ACD19000B1F4AC /* MessageBubble.swift in Sources */ = {isa = PBXBuildFile; fileRef = 46EACBFD29ACD19000B1F4AC /* MessageBubble.swift */; };
		46EACC0029ACDB2B00B1F4AC /* ExtensionsView.swift in Sources */ = {isa = PBXBuildFile; fileRef = 46EACBFF29ACDB2B00B1F4AC /* ExtensionsView.swift */; };
		46EACC0229ACDD8C00B1F4AC /* MessageField.swift in Sources */ = {isa = PBXBuildFile; fileRef = 46EACC0129ACDD8C00B1F4AC /* MessageField.swift */; };
		46EACC0B29ACF9D400B1F4AC /* MessagesManager.swift in Sources */ = {isa = PBXBuildFile; fileRef = 46EACC0A29ACF9D400B1F4AC /* MessagesManager.swift */; };
		46EACC2329AF456C00B1F4AC /* ProfileView.swift in Sources */ = {isa = PBXBuildFile; fileRef = 46EACC2229AF456C00B1F4AC /* ProfileView.swift */; };
		46EACC2529AF579000B1F4AC /* ExplorerView.swift in Sources */ = {isa = PBXBuildFile; fileRef = 46EACC2429AF579000B1F4AC /* ExplorerView.swift */; };
		46EACC2729AF57D500B1F4AC /* UserRowView.swift in Sources */ = {isa = PBXBuildFile; fileRef = 46EACC2629AF57D500B1F4AC /* UserRowView.swift */; };
/* End PBXBuildFile section */

/* Begin PBXContainerItemProxy section */
		4643944529A2715300C35040 /* PBXContainerItemProxy */ = {
			isa = PBXContainerItemProxy;
			containerPortal = 4643942C29A2715300C35040 /* Project object */;
			proxyType = 1;
			remoteGlobalIDString = 4643943329A2715300C35040;
			remoteInfo = LifeMessengerWeConnect;
		};
		4643944F29A2715300C35040 /* PBXContainerItemProxy */ = {
			isa = PBXContainerItemProxy;
			containerPortal = 4643942C29A2715300C35040 /* Project object */;
			proxyType = 1;
			remoteGlobalIDString = 4643943329A2715300C35040;
			remoteInfo = LifeMessengerWeConnect;
		};
/* End PBXContainerItemProxy section */

/* Begin PBXFileReference section */
		460AEF3E29AFC49A00305824 /* GoogleService-Info.plist */ = {isa = PBXFileReference; fileEncoding = 4; lastKnownFileType = text.plist.xml; path = "GoogleService-Info.plist"; sourceTree = "<group>"; };
		460AEF4629B0CD4900305824 /* SideMenuViewModel.swift */ = {isa = PBXFileReference; lastKnownFileType = sourcecode.swift; path = SideMenuViewModel.swift; sourceTree = "<group>"; };
		460AEF4829B0CFD500305824 /* SideMenuRowView.swift */ = {isa = PBXFileReference; lastKnownFileType = sourcecode.swift; path = SideMenuRowView.swift; sourceTree = "<group>"; };
		460AEF4A29B0CFF100305824 /* SideMenuView.swift */ = {isa = PBXFileReference; lastKnownFileType = sourcecode.swift; path = SideMenuView.swift; sourceTree = "<group>"; };
		460AEF4F29B0DE9600305824 /* MainTabView.swift */ = {isa = PBXFileReference; lastKnownFileType = sourcecode.swift; path = MainTabView.swift; sourceTree = "<group>"; };
		460AEF5229B0E0E900305824 /* EventView.swift */ = {isa = PBXFileReference; lastKnownFileType = sourcecode.swift; path = EventView.swift; sourceTree = "<group>"; };
		460AEF5529B0E13C00305824 /* PictureAndVideoGalerieView.swift */ = {isa = PBXFileReference; lastKnownFileType = sourcecode.swift; path = PictureAndVideoGalerieView.swift; sourceTree = "<group>"; };
		4625E86F29B215A200253BEA /* TweetFilterViewModel.swift */ = {isa = PBXFileReference; lastKnownFileType = sourcecode.swift; path = TweetFilterViewModel.swift; sourceTree = "<group>"; };
		4625E87129B21EDA00253BEA /* ChatView.swift */ = {isa = PBXFileReference; lastKnownFileType = sourcecode.swift; path = ChatView.swift; sourceTree = "<group>"; };
		4643943429A2715300C35040 /* LifeMessengerWeConnect.app */ = {isa = PBXFileReference; explicitFileType = wrapper.application; includeInIndex = 0; path = LifeMessengerWeConnect.app; sourceTree = BUILT_PRODUCTS_DIR; };
		4643943729A2715300C35040 /* LifeMessengerWeConnectApp.swift */ = {isa = PBXFileReference; lastKnownFileType = sourcecode.swift; path = LifeMessengerWeConnectApp.swift; sourceTree = "<group>"; };
		4643943929A2715300C35040 /* ContentView.swift */ = {isa = PBXFileReference; lastKnownFileType = sourcecode.swift; path = ContentView.swift; sourceTree = "<group>"; };
		4643943B29A2715300C35040 /* Assets.xcassets */ = {isa = PBXFileReference; lastKnownFileType = folder.assetcatalog; path = Assets.xcassets; sourceTree = "<group>"; };
		4643943E29A2715300C35040 /* Preview Assets.xcassets */ = {isa = PBXFileReference; lastKnownFileType = folder.assetcatalog; path = "Preview Assets.xcassets"; sourceTree = "<group>"; };
		4643944429A2715300C35040 /* LifeMessengerWeConnectTests.xctest */ = {isa = PBXFileReference; explicitFileType = wrapper.cfbundle; includeInIndex = 0; path = LifeMessengerWeConnectTests.xctest; sourceTree = BUILT_PRODUCTS_DIR; };
		4643944829A2715300C35040 /* LifeMessengerWeConnectTests.swift */ = {isa = PBXFileReference; lastKnownFileType = sourcecode.swift; path = LifeMessengerWeConnectTests.swift; sourceTree = "<group>"; };
		4643944E29A2715300C35040 /* LifeMessengerWeConnectUITests.xctest */ = {isa = PBXFileReference; explicitFileType = wrapper.cfbundle; includeInIndex = 0; path = LifeMessengerWeConnectUITests.xctest; sourceTree = BUILT_PRODUCTS_DIR; };
		4643945229A2715300C35040 /* LifeMessengerWeConnectUITests.swift */ = {isa = PBXFileReference; lastKnownFileType = sourcecode.swift; path = LifeMessengerWeConnectUITests.swift; sourceTree = "<group>"; };
		4643945429A2715300C35040 /* LifeMessengerWeConnectUITestsLaunchTests.swift */ = {isa = PBXFileReference; lastKnownFileType = sourcecode.swift; path = LifeMessengerWeConnectUITestsLaunchTests.swift; sourceTree = "<group>"; };
		4643946D29A3924A00C35040 /* SplashScreenView.swift */ = {isa = PBXFileReference; lastKnownFileType = sourcecode.swift; path = SplashScreenView.swift; sourceTree = "<group>"; };
		4643947A29A62AD600C35040 /* OrganizerView.swift */ = {isa = PBXFileReference; lastKnownFileType = sourcecode.swift; path = OrganizerView.swift; sourceTree = "<group>"; };
		467987DC29B23C16002CFC5A /* SideMenuOption.swift */ = {isa = PBXFileReference; lastKnownFileType = sourcecode.swift; path = SideMenuOption.swift; sourceTree = "<group>"; };
		467987E029C0684B002CFC5A /* OrganizerManagementCoreData.xcdatamodel */ = {isa = PBXFileReference; lastKnownFileType = wrapper.xcdatamodel; path = OrganizerManagementCoreData.xcdatamodel; sourceTree = "<group>"; };
		467987E429C06B39002CFC5A /* MainView.swift */ = {isa = PBXFileReference; lastKnownFileType = sourcecode.swift; path = MainView.swift; sourceTree = "<group>"; };
		467987E629C06DA2002CFC5A /* OrganizeViewModel.swift */ = {isa = PBXFileReference; lastKnownFileType = sourcecode.swift; path = OrganizeViewModel.swift; sourceTree = "<group>"; };
		467987EA29C08AB3002CFC5A /* NotoSans-LightItalic.ttf */ = {isa = PBXFileReference; lastKnownFileType = file; path = "NotoSans-LightItalic.ttf"; sourceTree = "<group>"; };
		467987EB29C08AB3002CFC5A /* NotoSans-ExtraLightItalic.ttf */ = {isa = PBXFileReference; lastKnownFileType = file; path = "NotoSans-ExtraLightItalic.ttf"; sourceTree = "<group>"; };
		467987EC29C08AB3002CFC5A /* NotoSans-ExtraBold.ttf */ = {isa = PBXFileReference; lastKnownFileType = file; path = "NotoSans-ExtraBold.ttf"; sourceTree = "<group>"; };
		467987ED29C08AB3002CFC5A /* NotoSans-ExtraBoldItalic.ttf */ = {isa = PBXFileReference; lastKnownFileType = file; path = "NotoSans-ExtraBoldItalic.ttf"; sourceTree = "<group>"; };
		467987EE29C08AB3002CFC5A /* NotoSans-ThinItalic.ttf */ = {isa = PBXFileReference; lastKnownFileType = file; path = "NotoSans-ThinItalic.ttf"; sourceTree = "<group>"; };
		467987EF29C08AB3002CFC5A /* NotoSans-ExtraLight.ttf */ = {isa = PBXFileReference; lastKnownFileType = file; path = "NotoSans-ExtraLight.ttf"; sourceTree = "<group>"; };
		467987F029C08AB3002CFC5A /* NotoSans-BoldItalic.ttf */ = {isa = PBXFileReference; lastKnownFileType = file; path = "NotoSans-BoldItalic.ttf"; sourceTree = "<group>"; };
		467987F129C08AB3002CFC5A /* NotoSans-Medium.ttf */ = {isa = PBXFileReference; lastKnownFileType = file; path = "NotoSans-Medium.ttf"; sourceTree = "<group>"; };
		467987F229C08AB3002CFC5A /* OFL.txt */ = {isa = PBXFileReference; lastKnownFileType = text; path = OFL.txt; sourceTree = "<group>"; };
		467987F329C08AB4002CFC5A /* NotoSans-SemiBoldItalic.ttf */ = {isa = PBXFileReference; lastKnownFileType = file; path = "NotoSans-SemiBoldItalic.ttf"; sourceTree = "<group>"; };
		467987F429C08AB4002CFC5A /* NotoSans-Light.ttf */ = {isa = PBXFileReference; lastKnownFileType = file; path = "NotoSans-Light.ttf"; sourceTree = "<group>"; };
		467987F529C08AB4002CFC5A /* NotoSans-BlackItalic.ttf */ = {isa = PBXFileReference; lastKnownFileType = file; path = "NotoSans-BlackItalic.ttf"; sourceTree = "<group>"; };
		467987F629C08AB4002CFC5A /* NotoSans-Bold.ttf */ = {isa = PBXFileReference; lastKnownFileType = file; path = "NotoSans-Bold.ttf"; sourceTree = "<group>"; };
		467987F729C08AB4002CFC5A /* NotoSans-Black.ttf */ = {isa = PBXFileReference; lastKnownFileType = file; path = "NotoSans-Black.ttf"; sourceTree = "<group>"; };
		467987F829C08AB4002CFC5A /* NotoSans-Italic.ttf */ = {isa = PBXFileReference; lastKnownFileType = file; path = "NotoSans-Italic.ttf"; sourceTree = "<group>"; };
		467987F929C08AB4002CFC5A /* NotoSans-MediumItalic.ttf */ = {isa = PBXFileReference; lastKnownFileType = file; path = "NotoSans-MediumItalic.ttf"; sourceTree = "<group>"; };
		467987FA29C08AB4002CFC5A /* NotoSans-SemiBold.ttf */ = {isa = PBXFileReference; lastKnownFileType = file; path = "NotoSans-SemiBold.ttf"; sourceTree = "<group>"; };
		467987FB29C08AB4002CFC5A /* NotoSans-Thin.ttf */ = {isa = PBXFileReference; lastKnownFileType = file; path = "NotoSans-Thin.ttf"; sourceTree = "<group>"; };
		467987FC29C08AB4002CFC5A /* NotoSans-Regular.ttf */ = {isa = PBXFileReference; lastKnownFileType = file; path = "NotoSans-Regular.ttf"; sourceTree = "<group>"; };
		4679881029C08B98002CFC5A /* Info.plist */ = {isa = PBXFileReference; lastKnownFileType = text.plist; path = Info.plist; sourceTree = "<group>"; };
		4679881129C08D21002CFC5A /* NotoSans.swift */ = {isa = PBXFileReference; lastKnownFileType = sourcecode.swift; path = NotoSans.swift; sourceTree = "<group>"; };
		46CAE26329B225BA0034D1A0 /* TitleRow.swift */ = {isa = PBXFileReference; fileEncoding = 4; lastKnownFileType = sourcecode.swift; path = TitleRow.swift; sourceTree = "<group>"; };
		46CAE26529B2270B0034D1A0 /* StatusView.swift */ = {isa = PBXFileReference; lastKnownFileType = sourcecode.swift; path = StatusView.swift; sourceTree = "<group>"; };
		46CAE26729B229290034D1A0 /* StatusTextView.swift */ = {isa = PBXFileReference; lastKnownFileType = sourcecode.swift; path = StatusTextView.swift; sourceTree = "<group>"; };
		46DA53F829C1EE6200180763 /* DateModel.swift */ = {isa = PBXFileReference; lastKnownFileType = sourcecode.swift; path = DateModel.swift; sourceTree = "<group>"; };
		46DA547829C479D700180763 /* TaskModel.swift */ = {isa = PBXFileReference; fileEncoding = 4; lastKnownFileType = sourcecode.swift; path = TaskModel.swift; sourceTree = "<group>"; };
		46DA547A29C479E100180763 /* TaskCategory.swift */ = {isa = PBXFileReference; fileEncoding = 4; lastKnownFileType = sourcecode.swift; path = TaskCategory.swift; sourceTree = "<group>"; };
		46EACBFB29ACD11100B1F4AC /* Message.swift */ = {isa = PBXFileReference; lastKnownFileType = sourcecode.swift; path = Message.swift; sourceTree = "<group>"; };
		46EACBFD29ACD19000B1F4AC /* MessageBubble.swift */ = {isa = PBXFileReference; lastKnownFileType = sourcecode.swift; path = MessageBubble.swift; sourceTree = "<group>"; };
		46EACBFF29ACDB2B00B1F4AC /* ExtensionsView.swift */ = {isa = PBXFileReference; lastKnownFileType = sourcecode.swift; path = ExtensionsView.swift; sourceTree = "<group>"; };
		46EACC0129ACDD8C00B1F4AC /* MessageField.swift */ = {isa = PBXFileReference; lastKnownFileType = sourcecode.swift; path = MessageField.swift; sourceTree = "<group>"; };
		46EACC0A29ACF9D400B1F4AC /* MessagesManager.swift */ = {isa = PBXFileReference; lastKnownFileType = sourcecode.swift; path = MessagesManager.swift; sourceTree = "<group>"; };
		46EACC2229AF456C00B1F4AC /* ProfileView.swift */ = {isa = PBXFileReference; lastKnownFileType = sourcecode.swift; path = ProfileView.swift; sourceTree = "<group>"; };
		46EACC2429AF579000B1F4AC /* ExplorerView.swift */ = {isa = PBXFileReference; lastKnownFileType = sourcecode.swift; path = ExplorerView.swift; sourceTree = "<group>"; };
		46EACC2629AF57D500B1F4AC /* UserRowView.swift */ = {isa = PBXFileReference; lastKnownFileType = sourcecode.swift; path = UserRowView.swift; sourceTree = "<group>"; };
/* End PBXFileReference section */

/* Begin PBXFrameworksBuildPhase section */
		4643943129A2715300C35040 /* Frameworks */ = {
			isa = PBXFrameworksBuildPhase;
			buildActionMask = 2147483647;
			files = (
				460AEF4229AFC4DD00305824 /* FirebaseFirestore in Frameworks */,
				460AEF4429AFC4DD00305824 /* FirebaseFirestoreSwift in Frameworks */,
			);
			runOnlyForDeploymentPostprocessing = 0;
		};
		4643944129A2715300C35040 /* Frameworks */ = {
			isa = PBXFrameworksBuildPhase;
			buildActionMask = 2147483647;
			files = (
			);
			runOnlyForDeploymentPostprocessing = 0;
		};
		4643944B29A2715300C35040 /* Frameworks */ = {
			isa = PBXFrameworksBuildPhase;
			buildActionMask = 2147483647;
			files = (
			);
			runOnlyForDeploymentPostprocessing = 0;
		};
/* End PBXFrameworksBuildPhase section */

/* Begin PBXGroup section */
		460AEF4529AFC6BE00305824 /* Explorer */ = {
			isa = PBXGroup;
			children = (
				46EACC2429AF579000B1F4AC /* ExplorerView.swift */,
			);
			path = Explorer;
			sourceTree = "<group>";
		};
		460AEF4E29B0DE7F00305824 /* MainTab */ = {
			isa = PBXGroup;
			children = (
				460AEF4F29B0DE9600305824 /* MainTabView.swift */,
			);
			path = MainTab;
			sourceTree = "<group>";
		};
		460AEF5129B0E0D000305824 /* Events */ = {
			isa = PBXGroup;
			children = (
				460AEF5229B0E0E900305824 /* EventView.swift */,
			);
			path = Events;
			sourceTree = "<group>";
		};
		460AEF5429B0E11300305824 /* Media */ = {
			isa = PBXGroup;
			children = (
				460AEF5529B0E13C00305824 /* PictureAndVideoGalerieView.swift */,
			);
			path = Media;
			sourceTree = "<group>";
		};
		4643942B29A2715300C35040 = {
			isa = PBXGroup;
			children = (
				4643943629A2715300C35040 /* LifeMessengerWeConnect */,
				4643944729A2715300C35040 /* LifeMessengerWeConnectTests */,
				4643945129A2715300C35040 /* LifeMessengerWeConnectUITests */,
				4643943529A2715300C35040 /* Products */,
			);
			sourceTree = "<group>";
		};
		4643943529A2715300C35040 /* Products */ = {
			isa = PBXGroup;
			children = (
				4643943429A2715300C35040 /* LifeMessengerWeConnect.app */,
				4643944429A2715300C35040 /* LifeMessengerWeConnectTests.xctest */,
				4643944E29A2715300C35040 /* LifeMessengerWeConnectUITests.xctest */,
			);
			name = Products;
			sourceTree = "<group>";
		};
		4643943629A2715300C35040 /* LifeMessengerWeConnect */ = {
			isa = PBXGroup;
			children = (
				4679881029C08B98002CFC5A /* Info.plist */,
				460AEF4E29B0DE7F00305824 /* MainTab */,
				460AEF5429B0E11300305824 /* Media */,
				460AEF5129B0E0D000305824 /* Events */,
				460AEF4529AFC6BE00305824 /* Explorer */,
				46EACBF429ACD06900B1F4AC /* ChatModel */,
				46EACBBB29ACC84500B1F4AC /* Components */,
				4643947729A62A9B00C35040 /* Organizer */,
				4643946F29A394B400C35040 /* ChatvViewModels */,
				4643946829A38EA900C35040 /* ChatViews */,
				4643943929A2715300C35040 /* ContentView.swift */,
				46EACC0A29ACF9D400B1F4AC /* MessagesManager.swift */,
				4643943B29A2715300C35040 /* Assets.xcassets */,
				4643943D29A2715300C35040 /* Preview Content */,
				4643946D29A3924A00C35040 /* SplashScreenView.swift */,
				4643943729A2715300C35040 /* LifeMessengerWeConnectApp.swift */,
				460AEF3E29AFC49A00305824 /* GoogleService-Info.plist */,
			);
			path = LifeMessengerWeConnect;
			sourceTree = "<group>";
		};
		4643943D29A2715300C35040 /* Preview Content */ = {
			isa = PBXGroup;
			children = (
				4643943E29A2715300C35040 /* Preview Assets.xcassets */,
			);
			path = "Preview Content";
			sourceTree = "<group>";
		};
		4643944729A2715300C35040 /* LifeMessengerWeConnectTests */ = {
			isa = PBXGroup;
			children = (
				4643944829A2715300C35040 /* LifeMessengerWeConnectTests.swift */,
			);
			path = LifeMessengerWeConnectTests;
			sourceTree = "<group>";
		};
		4643945129A2715300C35040 /* LifeMessengerWeConnectUITests */ = {
			isa = PBXGroup;
			children = (
				4643945229A2715300C35040 /* LifeMessengerWeConnectUITests.swift */,
				4643945429A2715300C35040 /* LifeMessengerWeConnectUITestsLaunchTests.swift */,
			);
			path = LifeMessengerWeConnectUITests;
			sourceTree = "<group>";
		};
		4643946829A38EA900C35040 /* ChatViews */ = {
			isa = PBXGroup;
			children = (
				467987DC29B23C16002CFC5A /* SideMenuOption.swift */,
				46EACBFF29ACDB2B00B1F4AC /* ExtensionsView.swift */,
				46EACC2229AF456C00B1F4AC /* ProfileView.swift */,
				46EACC2629AF57D500B1F4AC /* UserRowView.swift */,
				460AEF4829B0CFD500305824 /* SideMenuRowView.swift */,
				460AEF4A29B0CFF100305824 /* SideMenuView.swift */,
				4625E87129B21EDA00253BEA /* ChatView.swift */,
				46CAE26529B2270B0034D1A0 /* StatusView.swift */,
				46CAE26729B229290034D1A0 /* StatusTextView.swift */,
			);
			path = ChatViews;
			sourceTree = "<group>";
		};
		4643946F29A394B400C35040 /* ChatvViewModels */ = {
			isa = PBXGroup;
			children = (
				460AEF4629B0CD4900305824 /* SideMenuViewModel.swift */,
				4625E86F29B215A200253BEA /* TweetFilterViewModel.swift */,
			);
			path = ChatvViewModels;
			sourceTree = "<group>";
		};
		4643947729A62A9B00C35040 /* Organizer */ = {
			isa = PBXGroup;
			children = (
				467987E929C08A21002CFC5A /* Model */,
				467987E829C08A17002CFC5A /* Fonts */,
				467987E329C06967002CFC5A /* OrganizerViews */,
				467987E229C0692F002CFC5A /* OrganizerViewModel */,
				467987DF29C0684B002CFC5A /* OrganizerManagementCoreData.xcdatamodeld */,
			);
			path = Organizer;
			sourceTree = "<group>";
		};
		467987E229C0692F002CFC5A /* OrganizerViewModel */ = {
			isa = PBXGroup;
			children = (
				467987E629C06DA2002CFC5A /* OrganizeViewModel.swift */,
			);
			path = OrganizerViewModel;
			sourceTree = "<group>";
		};
		467987E329C06967002CFC5A /* OrganizerViews */ = {
			isa = PBXGroup;
			children = (
				467987E429C06B39002CFC5A /* MainView.swift */,
				4643947A29A62AD600C35040 /* OrganizerView.swift */,
			);
			path = OrganizerViews;
			sourceTree = "<group>";
		};
		467987E829C08A17002CFC5A /* Fonts */ = {
			isa = PBXGroup;
			children = (
				467987EF29C08AB3002CFC5A /* NotoSans-ExtraLight.ttf */,
				467987ED29C08AB3002CFC5A /* NotoSans-ExtraBoldItalic.ttf */,
				467987EC29C08AB3002CFC5A /* NotoSans-ExtraBold.ttf */,
				467987F029C08AB3002CFC5A /* NotoSans-BoldItalic.ttf */,
				467987F629C08AB4002CFC5A /* NotoSans-Bold.ttf */,
				467987F529C08AB4002CFC5A /* NotoSans-BlackItalic.ttf */,
				467987F729C08AB4002CFC5A /* NotoSans-Black.ttf */,
				467987EB29C08AB3002CFC5A /* NotoSans-ExtraLightItalic.ttf */,
				467987F829C08AB4002CFC5A /* NotoSans-Italic.ttf */,
				467987F429C08AB4002CFC5A /* NotoSans-Light.ttf */,
				467987EA29C08AB3002CFC5A /* NotoSans-LightItalic.ttf */,
				467987F129C08AB3002CFC5A /* NotoSans-Medium.ttf */,
				467987F929C08AB4002CFC5A /* NotoSans-MediumItalic.ttf */,
				467987FC29C08AB4002CFC5A /* NotoSans-Regular.ttf */,
				467987F229C08AB3002CFC5A /* OFL.txt */,
				467987FA29C08AB4002CFC5A /* NotoSans-SemiBold.ttf */,
				467987F329C08AB4002CFC5A /* NotoSans-SemiBoldItalic.ttf */,
				467987FB29C08AB4002CFC5A /* NotoSans-Thin.ttf */,
				467987EE29C08AB3002CFC5A /* NotoSans-ThinItalic.ttf */,
			);
			path = Fonts;
			sourceTree = "<group>";
		};
		467987E929C08A21002CFC5A /* Model */ = {
			isa = PBXGroup;
			children = (
				46DA547A29C479E100180763 /* TaskCategory.swift */,
				46DA547829C479D700180763 /* TaskModel.swift */,
				4679881129C08D21002CFC5A /* NotoSans.swift */,
				46DA53F829C1EE6200180763 /* DateModel.swift */,
			);
			path = Model;
			sourceTree = "<group>";
		};
		46EACBBB29ACC84500B1F4AC /* Components */ = {
			isa = PBXGroup;
			children = (
				46CAE26329B225BA0034D1A0 /* TitleRow.swift */,
				46EACBFD29ACD19000B1F4AC /* MessageBubble.swift */,
				46EACC0129ACDD8C00B1F4AC /* MessageField.swift */,
			);
			path = Components;
			sourceTree = "<group>";
		};
		46EACBF429ACD06900B1F4AC /* ChatModel */ = {
			isa = PBXGroup;
			children = (
				46EACBFB29ACD11100B1F4AC /* Message.swift */,
			);
			path = ChatModel;
			sourceTree = "<group>";
		};
/* End PBXGroup section */

/* Begin PBXNativeTarget section */
		4643943329A2715300C35040 /* LifeMessengerWeConnect */ = {
			isa = PBXNativeTarget;
			buildConfigurationList = 4643945829A2715300C35040 /* Build configuration list for PBXNativeTarget "LifeMessengerWeConnect" */;
			buildPhases = (
				4643943029A2715300C35040 /* Sources */,
				4643943129A2715300C35040 /* Frameworks */,
				4643943229A2715300C35040 /* Resources */,
			);
			buildRules = (
			);
			dependencies = (
			);
			name = LifeMessengerWeConnect;
			packageProductDependencies = (
				460AEF4129AFC4DD00305824 /* FirebaseFirestore */,
				460AEF4329AFC4DD00305824 /* FirebaseFirestoreSwift */,
			);
			productName = LifeMessengerWeConnect;
			productReference = 4643943429A2715300C35040 /* LifeMessengerWeConnect.app */;
			productType = "com.apple.product-type.application";
		};
		4643944329A2715300C35040 /* LifeMessengerWeConnectTests */ = {
			isa = PBXNativeTarget;
			buildConfigurationList = 4643945B29A2715300C35040 /* Build configuration list for PBXNativeTarget "LifeMessengerWeConnectTests" */;
			buildPhases = (
				4643944029A2715300C35040 /* Sources */,
				4643944129A2715300C35040 /* Frameworks */,
				4643944229A2715300C35040 /* Resources */,
			);
			buildRules = (
			);
			dependencies = (
				4643944629A2715300C35040 /* PBXTargetDependency */,
			);
			name = LifeMessengerWeConnectTests;
			productName = LifeMessengerWeConnectTests;
			productReference = 4643944429A2715300C35040 /* LifeMessengerWeConnectTests.xctest */;
			productType = "com.apple.product-type.bundle.unit-test";
		};
		4643944D29A2715300C35040 /* LifeMessengerWeConnectUITests */ = {
			isa = PBXNativeTarget;
			buildConfigurationList = 4643945E29A2715300C35040 /* Build configuration list for PBXNativeTarget "LifeMessengerWeConnectUITests" */;
			buildPhases = (
				4643944A29A2715300C35040 /* Sources */,
				4643944B29A2715300C35040 /* Frameworks */,
				4643944C29A2715300C35040 /* Resources */,
			);
			buildRules = (
			);
			dependencies = (
				4643945029A2715300C35040 /* PBXTargetDependency */,
			);
			name = LifeMessengerWeConnectUITests;
			productName = LifeMessengerWeConnectUITests;
			productReference = 4643944E29A2715300C35040 /* LifeMessengerWeConnectUITests.xctest */;
			productType = "com.apple.product-type.bundle.ui-testing";
		};
/* End PBXNativeTarget section */

/* Begin PBXProject section */
		4643942C29A2715300C35040 /* Project object */ = {
			isa = PBXProject;
			attributes = {
				BuildIndependentTargetsInParallel = 1;
				LastSwiftUpdateCheck = 1420;
				LastUpgradeCheck = 1420;
				TargetAttributes = {
					4643943329A2715300C35040 = {
						CreatedOnToolsVersion = 14.2;
					};
					4643944329A2715300C35040 = {
						CreatedOnToolsVersion = 14.2;
						TestTargetID = 4643943329A2715300C35040;
					};
					4643944D29A2715300C35040 = {
						CreatedOnToolsVersion = 14.2;
						TestTargetID = 4643943329A2715300C35040;
					};
				};
			};
			buildConfigurationList = 4643942F29A2715300C35040 /* Build configuration list for PBXProject "LifeMessengerWeConnect" */;
			compatibilityVersion = "Xcode 14.0";
			developmentRegion = en;
			hasScannedForEncodings = 0;
			knownRegions = (
				en,
				Base,
			);
			mainGroup = 4643942B29A2715300C35040;
			packageReferences = (
				460AEF4029AFC4DD00305824 /* XCRemoteSwiftPackageReference "firebase-ios-sdk" */,
			);
			productRefGroup = 4643943529A2715300C35040 /* Products */;
			projectDirPath = "";
			projectRoot = "";
			targets = (
				4643943329A2715300C35040 /* LifeMessengerWeConnect */,
				4643944329A2715300C35040 /* LifeMessengerWeConnectTests */,
				4643944D29A2715300C35040 /* LifeMessengerWeConnectUITests */,
			);
		};
/* End PBXProject section */

/* Begin PBXResourcesBuildPhase section */
		4643943229A2715300C35040 /* Resources */ = {
			isa = PBXResourcesBuildPhase;
			buildActionMask = 2147483647;
			files = (
				467987FD29C08AB4002CFC5A /* NotoSans-LightItalic.ttf in Resources */,
				467987FE29C08AB4002CFC5A /* NotoSans-ExtraLightItalic.ttf in Resources */,
				467987FF29C08AB4002CFC5A /* NotoSans-ExtraBold.ttf in Resources */,
				4679880029C08AB4002CFC5A /* NotoSans-ExtraBoldItalic.ttf in Resources */,
				4679880129C08AB4002CFC5A /* NotoSans-ThinItalic.ttf in Resources */,
				4679880229C08AB4002CFC5A /* NotoSans-ExtraLight.ttf in Resources */,
				4679880329C08AB4002CFC5A /* NotoSans-BoldItalic.ttf in Resources */,
				4679880429C08AB4002CFC5A /* NotoSans-Medium.ttf in Resources */,
				4679880529C08AB4002CFC5A /* OFL.txt in Resources */,
				4679880629C08AB4002CFC5A /* NotoSans-SemiBoldItalic.ttf in Resources */,
				4679880729C08AB4002CFC5A /* NotoSans-Light.ttf in Resources */,
				4679880829C08AB4002CFC5A /* NotoSans-BlackItalic.ttf in Resources */,
				4679880929C08AB4002CFC5A /* NotoSans-Bold.ttf in Resources */,
				4679880A29C08AB4002CFC5A /* NotoSans-Black.ttf in Resources */,
				4679880B29C08AB4002CFC5A /* NotoSans-Italic.ttf in Resources */,
				4679880C29C08AB4002CFC5A /* NotoSans-MediumItalic.ttf in Resources */,
				4679880D29C08AB4002CFC5A /* NotoSans-SemiBold.ttf in Resources */,
				4679880E29C08AB4002CFC5A /* NotoSans-Thin.ttf in Resources */,
				4679880F29C08AB4002CFC5A /* NotoSans-Regular.ttf in Resources */,
				4643943F29A2715300C35040 /* Preview Assets.xcassets in Resources */,
				4643943C29A2715300C35040 /* Assets.xcassets in Resources */,
				460AEF3F29AFC49A00305824 /* GoogleService-Info.plist in Resources */,
			);
			runOnlyForDeploymentPostprocessing = 0;
		};
		4643944229A2715300C35040 /* Resources */ = {
			isa = PBXResourcesBuildPhase;
			buildActionMask = 2147483647;
			files = (
			);
			runOnlyForDeploymentPostprocessing = 0;
		};
		4643944C29A2715300C35040 /* Resources */ = {
			isa = PBXResourcesBuildPhase;
			buildActionMask = 2147483647;
			files = (
			);
			runOnlyForDeploymentPostprocessing = 0;
		};
/* End PBXResourcesBuildPhase section */

/* Begin PBXSourcesBuildPhase section */
		4643943029A2715300C35040 /* Sources */ = {
			isa = PBXSourcesBuildPhase;
			buildActionMask = 2147483647;
			files = (
				46EACC2729AF57D500B1F4AC /* UserRowView.swift in Sources */,
				467987E529C06B39002CFC5A /* MainView.swift in Sources */,
				460AEF5629B0E13C00305824 /* PictureAndVideoGalerieView.swift in Sources */,
				467987E129C0684B002CFC5A /* OrganizerManagementCoreData.xcdatamodeld in Sources */,
				467987E729C06DA2002CFC5A /* OrganizeViewModel.swift in Sources */,
				467987DD29B23C16002CFC5A /* SideMenuOption.swift in Sources */,
				4679881229C08D21002CFC5A /* NotoSans.swift in Sources */,
				46CAE26629B2270B0034D1A0 /* StatusView.swift in Sources */,
				4643947B29A62AD600C35040 /* OrganizerView.swift in Sources */,
				46DA547B29C479E100180763 /* TaskCategory.swift in Sources */,
				46DA53F929C1EE6200180763 /* DateModel.swift in Sources */,
				460AEF4B29B0CFF100305824 /* SideMenuView.swift in Sources */,
				4625E87229B21EDA00253BEA /* ChatView.swift in Sources */,
				46DA547929C479D700180763 /* TaskModel.swift in Sources */,
				4625E87029B215A200253BEA /* TweetFilterViewModel.swift in Sources */,
				460AEF5329B0E0E900305824 /* EventView.swift in Sources */,
				460AEF4929B0CFD500305824 /* SideMenuRowView.swift in Sources */,
				46EACC0029ACDB2B00B1F4AC /* ExtensionsView.swift in Sources */,
				46EACC2529AF579000B1F4AC /* ExplorerView.swift in Sources */,
				46EACBF729ACD09300B1F4AC /* ContentView.swift in Sources */,
				46EACC0229ACDD8C00B1F4AC /* MessageField.swift in Sources */,
				46CAE26829B229290034D1A0 /* StatusTextView.swift in Sources */,
				46EACC2329AF456C00B1F4AC /* ProfileView.swift in Sources */,
				460AEF5029B0DE9600305824 /* MainTabView.swift in Sources */,
				46EACBF829ACD0C500B1F4AC /* LifeMessengerWeConnectApp.swift in Sources */,
				4643946E29A3924A00C35040 /* SplashScreenView.swift in Sources */,
				46EACBFE29ACD19000B1F4AC /* MessageBubble.swift in Sources */,
				46CAE26429B225BA0034D1A0 /* TitleRow.swift in Sources */,
				460AEF4729B0CD4900305824 /* SideMenuViewModel.swift in Sources */,
				46EACC0B29ACF9D400B1F4AC /* MessagesManager.swift in Sources */,
				46EACBFC29ACD11100B1F4AC /* Message.swift in Sources */,
			);
			runOnlyForDeploymentPostprocessing = 0;
		};
		4643944029A2715300C35040 /* Sources */ = {
			isa = PBXSourcesBuildPhase;
			buildActionMask = 2147483647;
			files = (
				4643944929A2715300C35040 /* LifeMessengerWeConnectTests.swift in Sources */,
			);
			runOnlyForDeploymentPostprocessing = 0;
		};
		4643944A29A2715300C35040 /* Sources */ = {
			isa = PBXSourcesBuildPhase;
			buildActionMask = 2147483647;
			files = (
				4643945329A2715300C35040 /* LifeMessengerWeConnectUITests.swift in Sources */,
				4643945529A2715300C35040 /* LifeMessengerWeConnectUITestsLaunchTests.swift in Sources */,
			);
			runOnlyForDeploymentPostprocessing = 0;
		};
/* End PBXSourcesBuildPhase section */

/* Begin PBXTargetDependency section */
		4643944629A2715300C35040 /* PBXTargetDependency */ = {
			isa = PBXTargetDependency;
			target = 4643943329A2715300C35040 /* LifeMessengerWeConnect */;
			targetProxy = 4643944529A2715300C35040 /* PBXContainerItemProxy */;
		};
		4643945029A2715300C35040 /* PBXTargetDependency */ = {
			isa = PBXTargetDependency;
			target = 4643943329A2715300C35040 /* LifeMessengerWeConnect */;
			targetProxy = 4643944F29A2715300C35040 /* PBXContainerItemProxy */;
		};
/* End PBXTargetDependency section */

/* Begin XCBuildConfiguration section */
		4643945629A2715300C35040 /* Debug */ = {
			isa = XCBuildConfiguration;
			buildSettings = {
				ALWAYS_SEARCH_USER_PATHS = NO;
				CLANG_ANALYZER_NONNULL = YES;
				CLANG_ANALYZER_NUMBER_OBJECT_CONVERSION = YES_AGGRESSIVE;
				CLANG_CXX_LANGUAGE_STANDARD = "gnu++20";
				CLANG_ENABLE_MODULES = YES;
				CLANG_ENABLE_OBJC_ARC = YES;
				CLANG_ENABLE_OBJC_WEAK = YES;
				CLANG_WARN_BLOCK_CAPTURE_AUTORELEASING = YES;
				CLANG_WARN_BOOL_CONVERSION = YES;
				CLANG_WARN_COMMA = YES;
				CLANG_WARN_CONSTANT_CONVERSION = YES;
				CLANG_WARN_DEPRECATED_OBJC_IMPLEMENTATIONS = YES;
				CLANG_WARN_DIRECT_OBJC_ISA_USAGE = YES_ERROR;
				CLANG_WARN_DOCUMENTATION_COMMENTS = YES;
				CLANG_WARN_EMPTY_BODY = YES;
				CLANG_WARN_ENUM_CONVERSION = YES;
				CLANG_WARN_INFINITE_RECURSION = YES;
				CLANG_WARN_INT_CONVERSION = YES;
				CLANG_WARN_NON_LITERAL_NULL_CONVERSION = YES;
				CLANG_WARN_OBJC_IMPLICIT_RETAIN_SELF = YES;
				CLANG_WARN_OBJC_LITERAL_CONVERSION = YES;
				CLANG_WARN_OBJC_ROOT_CLASS = YES_ERROR;
				CLANG_WARN_QUOTED_INCLUDE_IN_FRAMEWORK_HEADER = YES;
				CLANG_WARN_RANGE_LOOP_ANALYSIS = YES;
				CLANG_WARN_STRICT_PROTOTYPES = YES;
				CLANG_WARN_SUSPICIOUS_MOVE = YES;
				CLANG_WARN_UNGUARDED_AVAILABILITY = YES_AGGRESSIVE;
				CLANG_WARN_UNREACHABLE_CODE = YES;
				CLANG_WARN__DUPLICATE_METHOD_MATCH = YES;
				COPY_PHASE_STRIP = NO;
				DEBUG_INFORMATION_FORMAT = dwarf;
				ENABLE_STRICT_OBJC_MSGSEND = YES;
				ENABLE_TESTABILITY = YES;
				GCC_C_LANGUAGE_STANDARD = gnu11;
				GCC_DYNAMIC_NO_PIC = NO;
				GCC_NO_COMMON_BLOCKS = YES;
				GCC_OPTIMIZATION_LEVEL = 0;
				GCC_PREPROCESSOR_DEFINITIONS = (
					"DEBUG=1",
					"$(inherited)",
				);
				GCC_WARN_64_TO_32_BIT_CONVERSION = YES;
				GCC_WARN_ABOUT_RETURN_TYPE = YES_ERROR;
				GCC_WARN_UNDECLARED_SELECTOR = YES;
				GCC_WARN_UNINITIALIZED_AUTOS = YES_AGGRESSIVE;
				GCC_WARN_UNUSED_FUNCTION = YES;
				GCC_WARN_UNUSED_VARIABLE = YES;
				IPHONEOS_DEPLOYMENT_TARGET = 16.2;
				MTL_ENABLE_DEBUG_INFO = INCLUDE_SOURCE;
				MTL_FAST_MATH = YES;
				ONLY_ACTIVE_ARCH = YES;
				SDKROOT = iphoneos;
				SWIFT_ACTIVE_COMPILATION_CONDITIONS = DEBUG;
				SWIFT_OPTIMIZATION_LEVEL = "-Onone";
			};
			name = Debug;
		};
		4643945729A2715300C35040 /* Release */ = {
			isa = XCBuildConfiguration;
			buildSettings = {
				ALWAYS_SEARCH_USER_PATHS = NO;
				CLANG_ANALYZER_NONNULL = YES;
				CLANG_ANALYZER_NUMBER_OBJECT_CONVERSION = YES_AGGRESSIVE;
				CLANG_CXX_LANGUAGE_STANDARD = "gnu++20";
				CLANG_ENABLE_MODULES = YES;
				CLANG_ENABLE_OBJC_ARC = YES;
				CLANG_ENABLE_OBJC_WEAK = YES;
				CLANG_WARN_BLOCK_CAPTURE_AUTORELEASING = YES;
				CLANG_WARN_BOOL_CONVERSION = YES;
				CLANG_WARN_COMMA = YES;
				CLANG_WARN_CONSTANT_CONVERSION = YES;
				CLANG_WARN_DEPRECATED_OBJC_IMPLEMENTATIONS = YES;
				CLANG_WARN_DIRECT_OBJC_ISA_USAGE = YES_ERROR;
				CLANG_WARN_DOCUMENTATION_COMMENTS = YES;
				CLANG_WARN_EMPTY_BODY = YES;
				CLANG_WARN_ENUM_CONVERSION = YES;
				CLANG_WARN_INFINITE_RECURSION = YES;
				CLANG_WARN_INT_CONVERSION = YES;
				CLANG_WARN_NON_LITERAL_NULL_CONVERSION = YES;
				CLANG_WARN_OBJC_IMPLICIT_RETAIN_SELF = YES;
				CLANG_WARN_OBJC_LITERAL_CONVERSION = YES;
				CLANG_WARN_OBJC_ROOT_CLASS = YES_ERROR;
				CLANG_WARN_QUOTED_INCLUDE_IN_FRAMEWORK_HEADER = YES;
				CLANG_WARN_RANGE_LOOP_ANALYSIS = YES;
				CLANG_WARN_STRICT_PROTOTYPES = YES;
				CLANG_WARN_SUSPICIOUS_MOVE = YES;
				CLANG_WARN_UNGUARDED_AVAILABILITY = YES_AGGRESSIVE;
				CLANG_WARN_UNREACHABLE_CODE = YES;
				CLANG_WARN__DUPLICATE_METHOD_MATCH = YES;
				COPY_PHASE_STRIP = NO;
				DEBUG_INFORMATION_FORMAT = "dwarf-with-dsym";
				ENABLE_NS_ASSERTIONS = NO;
				ENABLE_STRICT_OBJC_MSGSEND = YES;
				GCC_C_LANGUAGE_STANDARD = gnu11;
				GCC_NO_COMMON_BLOCKS = YES;
				GCC_WARN_64_TO_32_BIT_CONVERSION = YES;
				GCC_WARN_ABOUT_RETURN_TYPE = YES_ERROR;
				GCC_WARN_UNDECLARED_SELECTOR = YES;
				GCC_WARN_UNINITIALIZED_AUTOS = YES_AGGRESSIVE;
				GCC_WARN_UNUSED_FUNCTION = YES;
				GCC_WARN_UNUSED_VARIABLE = YES;
				IPHONEOS_DEPLOYMENT_TARGET = 16.2;
				MTL_ENABLE_DEBUG_INFO = NO;
				MTL_FAST_MATH = YES;
				SDKROOT = iphoneos;
				SWIFT_COMPILATION_MODE = wholemodule;
				SWIFT_OPTIMIZATION_LEVEL = "-O";
				VALIDATE_PRODUCT = YES;
			};
			name = Release;
		};
		4643945929A2715300C35040 /* Debug */ = {
			isa = XCBuildConfiguration;
			buildSettings = {
				ASSETCATALOG_COMPILER_APPICON_NAME = AppIcon;
				ASSETCATALOG_COMPILER_GLOBAL_ACCENT_COLOR_NAME = AccentColor;
				CODE_SIGN_STYLE = Automatic;
				CURRENT_PROJECT_VERSION = 1;
				DEVELOPMENT_ASSET_PATHS = "\"LifeMessengerWeConnect/Preview Content\"";
				DEVELOPMENT_TEAM = 8LQDZ5W4TX;
				ENABLE_PREVIEWS = YES;
				GENERATE_INFOPLIST_FILE = YES;
				INFOPLIST_FILE = LifeMessengerWeConnect/Info.plist;
				INFOPLIST_KEY_UIApplicationSceneManifest_Generation = YES;
				INFOPLIST_KEY_UIApplicationSupportsIndirectInputEvents = YES;
				INFOPLIST_KEY_UILaunchScreen_Generation = YES;
				INFOPLIST_KEY_UISupportedInterfaceOrientations_iPad = "UIInterfaceOrientationPortrait UIInterfaceOrientationPortraitUpsideDown UIInterfaceOrientationLandscapeLeft UIInterfaceOrientationLandscapeRight";
				INFOPLIST_KEY_UISupportedInterfaceOrientations_iPhone = "UIInterfaceOrientationPortrait UIInterfaceOrientationLandscapeLeft UIInterfaceOrientationLandscapeRight";
				LD_RUNPATH_SEARCH_PATHS = (
					"$(inherited)",
					"@executable_path/Frameworks",
				);
				MARKETING_VERSION = 1.0;
				PRODUCT_BUNDLE_IDENTIFIER = "de.syntax-institut.LifeMessengerWeConnect";
				PRODUCT_NAME = "$(TARGET_NAME)";
				SWIFT_EMIT_LOC_STRINGS = YES;
				SWIFT_VERSION = 5.0;
				TARGETED_DEVICE_FAMILY = "1,2";
			};
			name = Debug;
		};
		4643945A29A2715300C35040 /* Release */ = {
			isa = XCBuildConfiguration;
			buildSettings = {
				ASSETCATALOG_COMPILER_APPICON_NAME = AppIcon;
				ASSETCATALOG_COMPILER_GLOBAL_ACCENT_COLOR_NAME = AccentColor;
				CODE_SIGN_STYLE = Automatic;
				CURRENT_PROJECT_VERSION = 1;
				DEVELOPMENT_ASSET_PATHS = "\"LifeMessengerWeConnect/Preview Content\"";
				DEVELOPMENT_TEAM = 8LQDZ5W4TX;
				ENABLE_PREVIEWS = YES;
				GENERATE_INFOPLIST_FILE = YES;
				INFOPLIST_FILE = LifeMessengerWeConnect/Info.plist;
				INFOPLIST_KEY_UIApplicationSceneManifest_Generation = YES;
				INFOPLIST_KEY_UIApplicationSupportsIndirectInputEvents = YES;
				INFOPLIST_KEY_UILaunchScreen_Generation = YES;
				INFOPLIST_KEY_UISupportedInterfaceOrientations_iPad = "UIInterfaceOrientationPortrait UIInterfaceOrientationPortraitUpsideDown UIInterfaceOrientationLandscapeLeft UIInterfaceOrientationLandscapeRight";
				INFOPLIST_KEY_UISupportedInterfaceOrientations_iPhone = "UIInterfaceOrientationPortrait UIInterfaceOrientationLandscapeLeft UIInterfaceOrientationLandscapeRight";
				LD_RUNPATH_SEARCH_PATHS = (
					"$(inherited)",
					"@executable_path/Frameworks",
				);
				MARKETING_VERSION = 1.0;
				PRODUCT_BUNDLE_IDENTIFIER = "de.syntax-institut.LifeMessengerWeConnect";
				PRODUCT_NAME = "$(TARGET_NAME)";
				SWIFT_EMIT_LOC_STRINGS = YES;
				SWIFT_VERSION = 5.0;
				TARGETED_DEVICE_FAMILY = "1,2";
			};
			name = Release;
		};
		4643945C29A2715300C35040 /* Debug */ = {
			isa = XCBuildConfiguration;
			buildSettings = {
				ALWAYS_EMBED_SWIFT_STANDARD_LIBRARIES = YES;
				BUNDLE_LOADER = "$(TEST_HOST)";
				CODE_SIGN_STYLE = Automatic;
				CURRENT_PROJECT_VERSION = 1;
				DEVELOPMENT_TEAM = 8LQDZ5W4TX;
				GENERATE_INFOPLIST_FILE = YES;
				IPHONEOS_DEPLOYMENT_TARGET = 16.2;
				MARKETING_VERSION = 1.0;
				PRODUCT_BUNDLE_IDENTIFIER = "de.syntax-institut.LifeMessengerWeConnectTests";
				PRODUCT_NAME = "$(TARGET_NAME)";
				SWIFT_EMIT_LOC_STRINGS = NO;
				SWIFT_VERSION = 5.0;
				TARGETED_DEVICE_FAMILY = "1,2";
				TEST_HOST = "$(BUILT_PRODUCTS_DIR)/LifeMessengerWeConnect.app/$(BUNDLE_EXECUTABLE_FOLDER_PATH)/LifeMessengerWeConnect";
			};
			name = Debug;
		};
		4643945D29A2715300C35040 /* Release */ = {
			isa = XCBuildConfiguration;
			buildSettings = {
				ALWAYS_EMBED_SWIFT_STANDARD_LIBRARIES = YES;
				BUNDLE_LOADER = "$(TEST_HOST)";
				CODE_SIGN_STYLE = Automatic;
				CURRENT_PROJECT_VERSION = 1;
				DEVELOPMENT_TEAM = 8LQDZ5W4TX;
				GENERATE_INFOPLIST_FILE = YES;
				IPHONEOS_DEPLOYMENT_TARGET = 16.2;
				MARKETING_VERSION = 1.0;
				PRODUCT_BUNDLE_IDENTIFIER = "de.syntax-institut.LifeMessengerWeConnectTests";
				PRODUCT_NAME = "$(TARGET_NAME)";
				SWIFT_EMIT_LOC_STRINGS = NO;
				SWIFT_VERSION = 5.0;
				TARGETED_DEVICE_FAMILY = "1,2";
				TEST_HOST = "$(BUILT_PRODUCTS_DIR)/LifeMessengerWeConnect.app/$(BUNDLE_EXECUTABLE_FOLDER_PATH)/LifeMessengerWeConnect";
			};
			name = Release;
		};
		4643945F29A2715300C35040 /* Debug */ = {
			isa = XCBuildConfiguration;
			buildSettings = {
				ALWAYS_EMBED_SWIFT_STANDARD_LIBRARIES = YES;
				CODE_SIGN_STYLE = Automatic;
				CURRENT_PROJECT_VERSION = 1;
				DEVELOPMENT_TEAM = 8LQDZ5W4TX;
				GENERATE_INFOPLIST_FILE = YES;
				MARKETING_VERSION = 1.0;
				PRODUCT_BUNDLE_IDENTIFIER = "de.syntax-institut.LifeMessengerWeConnectUITests";
				PRODUCT_NAME = "$(TARGET_NAME)";
				SWIFT_EMIT_LOC_STRINGS = NO;
				SWIFT_VERSION = 5.0;
				TARGETED_DEVICE_FAMILY = "1,2";
				TEST_TARGET_NAME = LifeMessengerWeConnect;
			};
			name = Debug;
		};
		4643946029A2715300C35040 /* Release */ = {
			isa = XCBuildConfiguration;
			buildSettings = {
				ALWAYS_EMBED_SWIFT_STANDARD_LIBRARIES = YES;
				CODE_SIGN_STYLE = Automatic;
				CURRENT_PROJECT_VERSION = 1;
				DEVELOPMENT_TEAM = 8LQDZ5W4TX;
				GENERATE_INFOPLIST_FILE = YES;
				MARKETING_VERSION = 1.0;
				PRODUCT_BUNDLE_IDENTIFIER = "de.syntax-institut.LifeMessengerWeConnectUITests";
				PRODUCT_NAME = "$(TARGET_NAME)";
				SWIFT_EMIT_LOC_STRINGS = NO;
				SWIFT_VERSION = 5.0;
				TARGETED_DEVICE_FAMILY = "1,2";
				TEST_TARGET_NAME = LifeMessengerWeConnect;
			};
			name = Release;
		};
/* End XCBuildConfiguration section */

/* Begin XCConfigurationList section */
		4643942F29A2715300C35040 /* Build configuration list for PBXProject "LifeMessengerWeConnect" */ = {
			isa = XCConfigurationList;
			buildConfigurations = (
				4643945629A2715300C35040 /* Debug */,
				4643945729A2715300C35040 /* Release */,
			);
			defaultConfigurationIsVisible = 0;
			defaultConfigurationName = Release;
		};
		4643945829A2715300C35040 /* Build configuration list for PBXNativeTarget "LifeMessengerWeConnect" */ = {
			isa = XCConfigurationList;
			buildConfigurations = (
				4643945929A2715300C35040 /* Debug */,
				4643945A29A2715300C35040 /* Release */,
			);
			defaultConfigurationIsVisible = 0;
			defaultConfigurationName = Release;
		};
		4643945B29A2715300C35040 /* Build configuration list for PBXNativeTarget "LifeMessengerWeConnectTests" */ = {
			isa = XCConfigurationList;
			buildConfigurations = (
				4643945C29A2715300C35040 /* Debug */,
				4643945D29A2715300C35040 /* Release */,
			);
			defaultConfigurationIsVisible = 0;
			defaultConfigurationName = Release;
		};
		4643945E29A2715300C35040 /* Build configuration list for PBXNativeTarget "LifeMessengerWeConnectUITests" */ = {
			isa = XCConfigurationList;
			buildConfigurations = (
				4643945F29A2715300C35040 /* Debug */,
				4643946029A2715300C35040 /* Release */,
			);
			defaultConfigurationIsVisible = 0;
			defaultConfigurationName = Release;
		};
/* End XCConfigurationList section */

/* Begin XCRemoteSwiftPackageReference section */
		460AEF4029AFC4DD00305824 /* XCRemoteSwiftPackageReference "firebase-ios-sdk" */ = {
			isa = XCRemoteSwiftPackageReference;
			repositoryURL = "https://github.com/firebase/firebase-ios-sdk";
			requirement = {
				kind = upToNextMajorVersion;
				minimumVersion = 9.0.0;
			};
		};
/* End XCRemoteSwiftPackageReference section */

/* Begin XCSwiftPackageProductDependency section */
		460AEF4129AFC4DD00305824 /* FirebaseFirestore */ = {
			isa = XCSwiftPackageProductDependency;
			package = 460AEF4029AFC4DD00305824 /* XCRemoteSwiftPackageReference "firebase-ios-sdk" */;
			productName = FirebaseFirestore;
		};
		460AEF4329AFC4DD00305824 /* FirebaseFirestoreSwift */ = {
			isa = XCSwiftPackageProductDependency;
			package = 460AEF4029AFC4DD00305824 /* XCRemoteSwiftPackageReference "firebase-ios-sdk" */;
			productName = FirebaseFirestoreSwift;
		};
/* End XCSwiftPackageProductDependency section */

/* Begin XCVersionGroup section */
		467987DF29C0684B002CFC5A /* OrganizerManagementCoreData.xcdatamodeld */ = {
			isa = XCVersionGroup;
			children = (
				467987E029C0684B002CFC5A /* OrganizerManagementCoreData.xcdatamodel */,
			);
			currentVersion = 467987E029C0684B002CFC5A /* OrganizerManagementCoreData.xcdatamodel */;
			path = OrganizerManagementCoreData.xcdatamodeld;
			sourceTree = "<group>";
			versionGroupType = wrapper.xcdatamodel;
		};
/* End XCVersionGroup section */
	};
	rootObject = 4643942C29A2715300C35040 /* Project object */;
}
